{"format_version":"1.2","terraform_version":"1.12.1","variables":{"acr":{"value":{"acr1":{"acrname":"genomicacr","location":"Central india","rgname":"hub-rg"}}},"app_gateways":{"value":{"appgw1":{"appgwname":"genomic-appgw","backend_http_setting_name":"appGatewayBackendHttpSettings","backend_http_settingscookie_based_affinity":"Disabled","backend_http_settingsport":80,"backend_http_settingsprotocol":"Http","backend_http_settingsrequest_timeout":20,"backend_ip_addresses":["172.16.0.5","172.16.0.6"],"backend_pool_name":"appGatewayBackendPool","frontend_ip_name":"appGatewayFrontendIP","frontend_port":80,"frontend_portname":"frontendPort","gateway_ip_config_name":"appGatewayIpConfig","http_listenerfrontend_ip_configuration_name":"appGatewayFrontendIP","http_listenerfrontend_port_name":"frontendPort","http_listenername":"appGatewayHttpListener","http_listenerprotocol":"Http","location":"Central india","pip_name":"pip-appgw","request_routing_rulebackend_address_pool_name":"appGatewayBackendPool","request_routing_rulebackend_http_settings_name":"appGatewayBackendHttpSettings","request_routing_rulehttp_listener_name":"appGatewayHttpListener","request_routing_rulename":"rule1","request_routing_rulepriority":100,"request_routing_rulerule_type":"Basic","rgname":"hub-rg","skucapacity":2,"skuname":"Standard_v2","skutier":"Standard_v2","subnet_name":"AppGatewaySubnet","vnet_name":"hub-vnet"}}},"bastions":{"value":{"bastion1":{"bastionlocation":"Central india","bastionname":"dev-bastion1","pipname":"pip-genomic-bastion","rgname":"dev-rg1","subnet_name":"AzureBastionSubnet","vnet_name":"Genomic-vnet"}}},"common_tags":{"value":{"Environment":"dev","Owner":"DevTeam","Project":"MyProject"}},"firewall":{"value":{"firewall1":{"firewall_name":"testfirewall","location":"Central india","public_ip_name":"pip-firewall","rgname":"hub-rg","subnet_name":"AzureFirewallSubnet","vnet_name":"hub-vnet"}}},"ilbs":{"value":{"backend-ilb":{"backend_pool_name":"backend-pool-ilb","backend_port":8000,"frontend_name":"frontend-ip-ilb","frontend_port":80,"ipconfig_name":"ipconfig3","lb_rule_name":"rule-ilb-http","lb_sku":"Standard","location":"Central India","name":"ilb-backend","nic_name":"nic-genomic-backend-03","private_ip_allocation":"Dynamic","probe_name":"probe-80","probe_port":80,"protocol":"Tcp","rgname":"dev-rg1","subnet_name":"backend-subnet","vnet_name":"Genomic-vnet"}}},"kvs":{"value":{"kv1":{"kvlocation":"Central india","kvname":"devkv1689","rgname":"dev-rg1"}}},"nsgs":{"value":{"nsg1":{"nsglocation":"Central india","nsgname":"nsg-genomic-app","rgname":"hub-rg","rules":{"rule1":{"access":"Allow","destination_address_prefix":"*","destination_port_ranges":["22"],"direction":"Inbound","name":"AllowSSH","priority":100,"protocol":"Tcp","source_address_prefix":"*","source_port_range":"*"}}}}},"pips":{"value":{"pip1":{"piplocation":"Central india","pipname":"pip-appgw","rgname":"hub-rg"},"pip6":{"piplocation":"Central india","pipname":"pip-vpn-gateway","rgname":"hub-rg"},"pip7":{"piplocation":"Central india","pipname":"pip-firewall","rgname":"hub-rg"}}},"rgs":{"value":{"rg1":{"rglocation":"Central india","rgname":"hub-rg"},"rg2":{"rglocation":"east us","rgname":"spoketodo-rg"},"rg3":{"rglocation":"west us","rgname":"spokeincedo-rg"},"rg4":{"rglocation":"West Europe","rgname":"onprem-rg"}}},"sqls":{"value":{"sql1":{"rgname":"hub-rg","sqladminlogin":"sqladmin","sqladminpassword":"P@ssw0rd1234!","sqldbname":"genomicdb","sqllocation":"centralus","sqlname":"genomic-sql"}}},"stgs":{"value":{"stg1":{"rgname":"dev-rg1","stglocation":"Central india","stgname":"devstg1"}}},"vms":{"value":{"vm1":{"image_offer":"0001-com-ubuntu-server-jammy","image_publisher":"Canonical","image_sku":"22_04-lts-gen2","image_version":"latest","ipconfig_name":"ipconfig1","niclocation":"Central india","nicname":"nic-jumpvm","osdisk_name":"osdisk-devvm1","osprofile_adminpassword":"P@ssw0rd1234!","osprofile_adminusername":"azureuser","osprofile_computername":"jumpvm1","rgname":"hub-rg","subnet_name":"jumpserver-subnet","vmlocation":"Central india","vmname":"jumpserver_vm","vmsize":"Standard_B2s","vnet_name":"hub-vnet"},"vm2":{"image_offer":"0001-com-ubuntu-server-jammy","image_publisher":"Canonical","image_sku":"22_04-lts-gen2","image_version":"latest","ipconfig_name":"ipconfig2","niclocation":"east us","nicname":"nic-todovm","osdisk_name":"osdisk-todovm1","osprofile_adminpassword":"P@ssw0rd1234!","osprofile_adminusername":"azureuser","osprofile_computername":"todovm","rgname":"spoketodo-rg","subnet_name":"applicationtodo-subnet","vmlocation":"east us","vmname":"todoapp_vm","vmsize":"Standard_B2s","vnet_name":"spoketodo-vnet"},"vm3":{"image_offer":"0001-com-ubuntu-server-focal","image_publisher":"Canonical","image_sku":"20_04-lts","image_version":"latest","ipconfig_name":"ipconfig3","niclocation":"west us","nicname":"nic-incedo-vm","osdisk_name":"osdisk-incedo-vm","osprofile_adminpassword":"P@ssw0rd1234!","osprofile_adminusername":"azureuser","osprofile_computername":"incedo-vm","rgname":"spokeincedo-rg","subnet_name":"applicationincedo-subnet","vmlocation":"west us","vmname":"incedo-vm","vmsize":"Standard_B2s","vnet_name":"spokeincedo-vnet"},"vm4":{"image_offer":"0001-com-ubuntu-server-focal","image_publisher":"Canonical","image_sku":"20_04-lts","image_version":"latest","ipconfig_name":"ipconfig4","niclocation":"West Europe","nicname":"nic-onprem-vm","osdisk_name":"osdisk-onprem-vm","osprofile_adminpassword":"P@ssw0rd1234!","osprofile_adminusername":"azureuser","osprofile_computername":"onprem-vm","rgname":"onprem-rg","subnet_name":"applicationonprem-subnet","vmlocation":"West Europe","vmname":"onprem-vm","vmsize":"Standard_B2s","vnet_name":"onprem-vnet"}}},"vnetsubnets":{"value":{"vnet1":{"address_space":["10.0.0.0/16"],"rgname":"hub-rg","subnets":{"subnet3":{"address_prefixes":["10.0.3.0/24"],"subnetname":"AzureBastionSubnet"},"subnet4":{"address_prefixes":["10.0.4.0/24"],"subnetname":"AppGatewaySubnet"},"subnet5":{"address_prefixes":["10.0.5.0/24"],"subnetname":"GatewaySubnet"},"subnet6":{"address_prefixes":["10.0.6.0/24"],"subnetname":"AzureFirewallSubnet"},"subnet7":{"address_prefixes":["10.0.7.0/24"],"subnetname":"jumpserver-subnet"}},"vnetlocation":"Central india","vnetname":"hub-vnet"},"vnet2":{"address_space":["172.16.0.0/16"],"rgname":"spoketodo-rg","subnets":{"back01":{"address_prefixes":["172.16.1.0/24"],"subnetname":"applicationtodo-subnet"}},"vnetlocation":"east us","vnetname":"spoketodo-vnet"},"vnet3":{"address_space":["192.168.0.0/16"],"rgname":"spokeincedo-rg","subnets":{"subnet1":{"address_prefixes":["192.168.1.0/24"],"subnetname":"applicationincedo-subnet"}},"vnetlocation":"west us","vnetname":"spokeincedo-vnet"},"vnet4":{"address_space":["30.0.0.0/16"],"rgname":"onprem-rg","subnets":{"subnet1":{"address_prefixes":["30.0.1.0/24"],"subnetname":"applicationonprem-subnet"}},"vnetlocation":"West Europe","vnetname":"onprem-vnet"}}},"vpns2s":{"value":{"vpn1":{"connection_name":"vpn-connection","local_network_name":"onpremise","location":"Central india","pip_name":"pip-vpn-gateway","rgname":"hub-rg","subnet_name":"GatewaySubnet","vnet_name":"hub-vnet","vpn_gw_name":"hub-vpn-gateway"}}},"workspace":{"value":{"workspace1":{"location":"Central india","name":"genomic-log-analytics","rgname":"hub-rg"}}}},"planned_values":{"root_module":{"child_modules":[{"resources":[{"address":"module.app_gateways.azurerm_application_gateway.appgw[\"appgw1\"]","mode":"managed","type":"azurerm_application_gateway","name":"appgw","index":"appgw1","provider_name":"registry.terraform.io/hashicorp/azurerm","schema_version":0,"values":{"authentication_certificate":[],"autoscale_configuration":[],"backend_address_pool":[{"fqdns":[],"ip_addresses":["172.16.0.5","172.16.0.6"],"name":"appGatewayBackendPool"}],"backend_http_settings":[{"affinity_cookie_name":"","authentication_certificate":[],"connection_draining":[],"cookie_based_affinity":"Disabled","host_name":"","name":"appGatewayBackendHttpSettings","path":"","pick_host_name_from_backend_address":false,"port":80,"probe_name":"","protocol":"Http","request_timeout":20,"trusted_root_certificate_names":[]}],"custom_error_configuration":[],"enable_http2":null,"fips_enabled":null,"firewall_policy_id":null,"force_firewall_policy_association":null,"frontend_ip_configuration":[{"name":"appGatewayFrontendIP","private_ip_address_allocation":"Dynamic","private_link_configuration_name":null,"subnet_id":null}],"frontend_port":[{"name":"frontendPort","port":80}],"gateway_ip_configuration":[{"name":"appGatewayIpConfig"}],"global":[],"http_listener":[{"custom_error_configuration":[],"firewall_policy_id":"","frontend_ip_configuration_name":"appGatewayFrontendIP","frontend_port_name":"frontendPort","host_name":"","host_names":[],"name":"appGatewayHttpListener","protocol":"Http","require_sni":null,"ssl_certificate_name":"","ssl_profile_name":""}],"identity":[],"location":"centralindia","name":"genomic-appgw","private_link_configuration":[],"probe":[],"redirect_configuration":[],"request_routing_rule":[{"backend_address_pool_name":"appGatewayBackendPool","backend_http_settings_name":"appGatewayBackendHttpSettings","http_listener_name":"appGatewayHttpListener","name":"rule1","priority":100,"redirect_configuration_name":"","rewrite_rule_set_name":"","rule_type":"Basic","url_path_map_name":""}],"resource_group_name":"hub-rg","rewrite_rule_set":[],"sku":[{"capacity":2,"name":"Standard_v2","tier":"Standard_v2"}],"ssl_certificate":[],"ssl_profile":[],"tags":null,"timeouts":null,"trusted_client_certificate":[],"trusted_root_certificate":[],"url_path_map":[],"waf_configuration":[],"zones":null},"sensitive_values":{"authentication_certificate":[],"autoscale_configuration":[],"backend_address_pool":[{"fqdns":[],"ip_addresses":[false,false]}],"backend_http_settings":[{"authentication_certificate":[],"connection_draining":[],"trusted_root_certificate_names":[]}],"custom_error_configuration":[],"frontend_ip_configuration":[{}],"frontend_port":[{}],"gateway_ip_configuration":[{}],"global":[],"http_listener":[{"custom_error_configuration":[],"host_names":[]}],"identity":[],"private_endpoint_connection":[],"private_link_configuration":[],"probe":[],"redirect_configuration":[],"request_routing_rule":[{}],"rewrite_rule_set":[],"sku":[{}],"ssl_certificate":[],"ssl_policy":[],"ssl_profile":[],"trusted_client_certificate":[],"trusted_root_certificate":[],"url_path_map":[],"waf_configuration":[]}},{"address":"module.app_gateways.data.azurerm_public_ip.pip[\"appgw1\"]","mode":"data","type":"azurerm_public_ip","name":"pip","index":"appgw1","provider_name":"registry.terraform.io/hashicorp/azurerm","schema_version":0,"values":{"name":"pip-appgw","resource_group_name":"hub-rg","timeouts":null},"sensitive_values":{"ip_tags":{},"tags":{},"zones":[]}},{"address":"module.app_gateways.data.azurerm_subnet.subnet[\"appgw1\"]","mode":"data","type":"azurerm_subnet","name":"subnet","index":"appgw1","provider_name":"registry.terraform.io/hashicorp/azurerm","schema_version":0,"values":{"name":"AppGatewaySubnet","resource_group_name":"hub-rg","timeouts":null,"virtual_network_name":"hub-vnet"},"sensitive_values":{"address_prefixes":[],"service_endpoints":[]}}],"address":"module.app_gateways"},{"resources":[{"address":"module.firewall.azurerm_firewall.firewall[\"firewall1\"]","mode":"managed","type":"azurerm_firewall","name":"firewall","index":"firewall1","provider_name":"registry.terraform.io/hashicorp/azurerm","schema_version":0,"values":{"dns_servers":null,"firewall_policy_id":null,"ip_configuration":[{"name":"configuration"}],"location":"centralindia","management_ip_configuration":[],"name":"testfirewall","private_ip_ranges":null,"resource_group_name":"hub-rg","sku_name":"AZFW_VNet","sku_tier":"Standard","tags":null,"timeouts":null,"virtual_hub":[],"zones":null},"sensitive_values":{"ip_configuration":[{}],"management_ip_configuration":[],"virtual_hub":[]}},{"address":"module.firewall.data.azurerm_public_ip.pip[\"firewall1\"]","mode":"data","type":"azurerm_public_ip","name":"pip","index":"firewall1","provider_name":"registry.terraform.io/hashicorp/azurerm","schema_version":0,"values":{"name":"pip-firewall","resource_group_name":"hub-rg","timeouts":null},"sensitive_values":{"ip_tags":{},"tags":{},"zones":[]}},{"address":"module.firewall.data.azurerm_subnet.subnet[\"firewall1\"]","mode":"data","type":"azurerm_subnet","name":"subnet","index":"firewall1","provider_name":"registry.terraform.io/hashicorp/azurerm","schema_version":0,"values":{"name":"AzureFirewallSubnet","resource_group_name":"hub-rg","timeouts":null,"virtual_network_name":"hub-vnet"},"sensitive_values":{"address_prefixes":[],"service_endpoints":[]}}],"address":"module.firewall"},{"resources":[{"address":"module.nsgs.azurerm_network_security_group.example[\"nsg1\"]","mode":"managed","type":"azurerm_network_security_group","name":"example","index":"nsg1","provider_name":"registry.terraform.io/hashicorp/azurerm","schema_version":0,"values":{"location":"centralindia","name":"nsg-genomic-app","resource_group_name":"hub-rg","security_rule":[{"access":"Allow","description":"","destination_address_prefix":"*","destination_address_prefixes":[],"destination_application_security_group_ids":[],"destination_port_range":"*","destination_port_ranges":[],"direction":"Inbound","name":"test123","priority":100,"protocol":"Tcp","source_address_prefix":"*","source_address_prefixes":[],"source_application_security_group_ids":[],"source_port_range":"*","source_port_ranges":[]}],"tags":null,"timeouts":null},"sensitive_values":{"security_rule":[{"destination_address_prefixes":[],"destination_application_security_group_ids":[],"destination_port_ranges":[],"source_address_prefixes":[],"source_application_security_group_ids":[],"source_port_ranges":[]}]}}],"address":"module.nsgs"},{"resources":[{"address":"module.pips.azurerm_public_ip.pip[\"pip1\"]","mode":"managed","type":"azurerm_public_ip","name":"pip","index":"pip1","provider_name":"registry.terraform.io/hashicorp/azurerm","schema_version":0,"values":{"allocation_method":"Static","ddos_protection_mode":"VirtualNetworkInherited","ddos_protection_plan_id":null,"domain_name_label":null,"domain_name_label_scope":null,"edge_zone":null,"idle_timeout_in_minutes":4,"ip_tags":null,"ip_version":"IPv4","location":"centralindia","name":"pip-appgw","public_ip_prefix_id":null,"resource_group_name":"hub-rg","reverse_fqdn":null,"sku":"Standard","sku_tier":"Regional","tags":{"Environment":"dev","Owner":"DevTeam","Project":"MyProject"},"timeouts":null,"zones":null},"sensitive_values":{"tags":{}}},{"address":"module.pips.azurerm_public_ip.pip[\"pip6\"]","mode":"managed","type":"azurerm_public_ip","name":"pip","index":"pip6","provider_name":"registry.terraform.io/hashicorp/azurerm","schema_version":0,"values":{"allocation_method":"Static","ddos_protection_mode":"VirtualNetworkInherited","ddos_protection_plan_id":null,"domain_name_label":null,"domain_name_label_scope":null,"edge_zone":null,"idle_timeout_in_minutes":4,"ip_tags":null,"ip_version":"IPv4","location":"centralindia","name":"pip-vpn-gateway","public_ip_prefix_id":null,"resource_group_name":"hub-rg","reverse_fqdn":null,"sku":"Standard","sku_tier":"Regional","tags":{"Environment":"dev","Owner":"DevTeam","Project":"MyProject"},"timeouts":null,"zones":null},"sensitive_values":{"tags":{}}},{"address":"module.pips.azurerm_public_ip.pip[\"pip7\"]","mode":"managed","type":"azurerm_public_ip","name":"pip","index":"pip7","provider_name":"registry.terraform.io/hashicorp/azurerm","schema_version":0,"values":{"allocation_method":"Static","ddos_protection_mode":"VirtualNetworkInherited","ddos_protection_plan_id":null,"domain_name_label":null,"domain_name_label_scope":null,"edge_zone":null,"idle_timeout_in_minutes":4,"ip_tags":null,"ip_version":"IPv4","location":"centralindia","name":"pip-firewall","public_ip_prefix_id":null,"resource_group_name":"hub-rg","reverse_fqdn":null,"sku":"Standard","sku_tier":"Regional","tags":{"Environment":"dev","Owner":"DevTeam","Project":"MyProject"},"timeouts":null,"zones":null},"sensitive_values":{"tags":{}}}],"address":"module.pips"},{"resources":[{"address":"module.rg.azurerm_resource_group.name[\"rg1\"]","mode":"managed","type":"azurerm_resource_group","name":"name","index":"rg1","provider_name":"registry.terraform.io/hashicorp/azurerm","schema_version":0,"values":{"location":"centralindia","managed_by":null,"name":"hub-rg","tags":{"Environment":"dev","Owner":"DevTeam","Project":"MyProject"},"timeouts":null},"sensitive_values":{"tags":{}}},{"address":"module.rg.azurerm_resource_group.name[\"rg2\"]","mode":"managed","type":"azurerm_resource_group","name":"name","index":"rg2","provider_name":"registry.terraform.io/hashicorp/azurerm","schema_version":0,"values":{"location":"eastus","managed_by":null,"name":"spoketodo-rg","tags":{"Environment":"dev","Owner":"DevTeam","Project":"MyProject"},"timeouts":null},"sensitive_values":{"tags":{}}},{"address":"module.rg.azurerm_resource_group.name[\"rg3\"]","mode":"managed","type":"azurerm_resource_group","name":"name","index":"rg3","provider_name":"registry.terraform.io/hashicorp/azurerm","schema_version":0,"values":{"location":"westus","managed_by":null,"name":"spokeincedo-rg","tags":{"Environment":"dev","Owner":"DevTeam","Project":"MyProject"},"timeouts":null},"sensitive_values":{"tags":{}}},{"address":"module.rg.azurerm_resource_group.name[\"rg4\"]","mode":"managed","type":"azurerm_resource_group","name":"name","index":"rg4","provider_name":"registry.terraform.io/hashicorp/azurerm","schema_version":0,"values":{"location":"westeurope","managed_by":null,"name":"onprem-rg","tags":{"Environment":"dev","Owner":"DevTeam","Project":"MyProject"},"timeouts":null},"sensitive_values":{"tags":{}}}],"address":"module.rg"},{"resources":[{"address":"module.vms.azurerm_network_interface.nic[\"vm1\"]","mode":"managed","type":"azurerm_network_interface","name":"nic","index":"vm1","provider_name":"registry.terraform.io/hashicorp/azurerm","schema_version":0,"values":{"accelerated_networking_enabled":false,"auxiliary_mode":null,"auxiliary_sku":null,"dns_servers":null,"edge_zone":null,"internal_dns_name_label":null,"ip_configuration":[{"name":"ipconfig1","private_ip_address_allocation":"Dynamic","private_ip_address_version":"IPv4","public_ip_address_id":null}],"ip_forwarding_enabled":false,"location":"centralindia","name":"nic-jumpvm","resource_group_name":"hub-rg","tags":{"Environment":"dev","Owner":"DevTeam","Project":"MyProject"},"timeouts":null},"sensitive_values":{"applied_dns_servers":[],"ip_configuration":[{}],"private_ip_addresses":[],"tags":{}}},{"address":"module.vms.azurerm_network_interface.nic[\"vm2\"]","mode":"managed","type":"azurerm_network_interface","name":"nic","index":"vm2","provider_name":"registry.terraform.io/hashicorp/azurerm","schema_version":0,"values":{"accelerated_networking_enabled":false,"auxiliary_mode":null,"auxiliary_sku":null,"dns_servers":null,"edge_zone":null,"internal_dns_name_label":null,"ip_configuration":[{"name":"ipconfig2","private_ip_address_allocation":"Dynamic","private_ip_address_version":"IPv4","public_ip_address_id":null}],"ip_forwarding_enabled":false,"location":"eastus","name":"nic-todovm","resource_group_name":"spoketodo-rg","tags":{"Environment":"dev","Owner":"DevTeam","Project":"MyProject"},"timeouts":null},"sensitive_values":{"applied_dns_servers":[],"ip_configuration":[{}],"private_ip_addresses":[],"tags":{}}},{"address":"module.vms.azurerm_network_interface.nic[\"vm3\"]","mode":"managed","type":"azurerm_network_interface","name":"nic","index":"vm3","provider_name":"registry.terraform.io/hashicorp/azurerm","schema_version":0,"values":{"accelerated_networking_enabled":false,"auxiliary_mode":null,"auxiliary_sku":null,"dns_servers":null,"edge_zone":null,"internal_dns_name_label":null,"ip_configuration":[{"name":"ipconfig3","private_ip_address_allocation":"Dynamic","private_ip_address_version":"IPv4","public_ip_address_id":null}],"ip_forwarding_enabled":false,"location":"westus","name":"nic-incedo-vm","resource_group_name":"spokeincedo-rg","tags":{"Environment":"dev","Owner":"DevTeam","Project":"MyProject"},"timeouts":null},"sensitive_values":{"applied_dns_servers":[],"ip_configuration":[{}],"private_ip_addresses":[],"tags":{}}},{"address":"module.vms.azurerm_network_interface.nic[\"vm4\"]","mode":"managed","type":"azurerm_network_interface","name":"nic","index":"vm4","provider_name":"registry.terraform.io/hashicorp/azurerm","schema_version":0,"values":{"accelerated_networking_enabled":false,"auxiliary_mode":null,"auxiliary_sku":null,"dns_servers":null,"edge_zone":null,"internal_dns_name_label":null,"ip_configuration":[{"name":"ipconfig4","private_ip_address_allocation":"Dynamic","private_ip_address_version":"IPv4","public_ip_address_id":null}],"ip_forwarding_enabled":false,"location":"westeurope","name":"nic-onprem-vm","resource_group_name":"onprem-rg","tags":{"Environment":"dev","Owner":"DevTeam","Project":"MyProject"},"timeouts":null},"sensitive_values":{"applied_dns_servers":[],"ip_configuration":[{}],"private_ip_addresses":[],"tags":{}}},{"address":"module.vms.azurerm_virtual_machine.vm[\"vm1\"]","mode":"managed","type":"azurerm_virtual_machine","name":"vm","index":"vm1","provider_name":"registry.terraform.io/hashicorp/azurerm","schema_version":0,"values":{"additional_capabilities":[],"boot_diagnostics":[],"delete_data_disks_on_termination":true,"delete_os_disk_on_termination":true,"identity":[],"location":"centralindia","name":"jumpserver_vm","os_profile":[{"admin_password":"P@ssw0rd1234!","admin_username":"azureuser","computer_name":"jumpvm1"}],"os_profile_linux_config":[{"disable_password_authentication":false,"ssh_keys":[]}],"os_profile_secrets":[],"os_profile_windows_config":[],"plan":[],"primary_network_interface_id":null,"proximity_placement_group_id":null,"resource_group_name":"hub-rg","storage_image_reference":[{"id":"","offer":"0001-com-ubuntu-server-jammy","publisher":"Canonical","sku":"22_04-lts-gen2","version":"latest"}],"storage_os_disk":[{"caching":"ReadWrite","create_option":"FromImage","image_uri":null,"managed_disk_type":"Standard_LRS","name":"osdisk-devvm1","vhd_uri":null,"write_accelerator_enabled":false}],"tags":null,"timeouts":null,"vm_size":"Standard_B2s","zones":null},"sensitive_values":{"additional_capabilities":[],"boot_diagnostics":[],"identity":[],"network_interface_ids":[],"os_profile":true,"os_profile_linux_config":[{"ssh_keys":[]}],"os_profile_secrets":[],"os_profile_windows_config":[],"plan":[],"storage_data_disk":[],"storage_image_reference":[{}],"storage_os_disk":[{}]}},{"address":"module.vms.azurerm_virtual_machine.vm[\"vm2\"]","mode":"managed","type":"azurerm_virtual_machine","name":"vm","index":"vm2","provider_name":"registry.terraform.io/hashicorp/azurerm","schema_version":0,"values":{"additional_capabilities":[],"boot_diagnostics":[],"delete_data_disks_on_termination":true,"delete_os_disk_on_termination":true,"identity":[],"location":"eastus","name":"todoapp_vm","os_profile":[{"admin_password":"P@ssw0rd1234!","admin_username":"azureuser","computer_name":"todovm"}],"os_profile_linux_config":[{"disable_password_authentication":false,"ssh_keys":[]}],"os_profile_secrets":[],"os_profile_windows_config":[],"plan":[],"primary_network_interface_id":null,"proximity_placement_group_id":null,"resource_group_name":"spoketodo-rg","storage_image_reference":[{"id":"","offer":"0001-com-ubuntu-server-jammy","publisher":"Canonical","sku":"22_04-lts-gen2","version":"latest"}],"storage_os_disk":[{"caching":"ReadWrite","create_option":"FromImage","image_uri":null,"managed_disk_type":"Standard_LRS","name":"osdisk-todovm1","vhd_uri":null,"write_accelerator_enabled":false}],"tags":null,"timeouts":null,"vm_size":"Standard_B2s","zones":null},"sensitive_values":{"additional_capabilities":[],"boot_diagnostics":[],"identity":[],"network_interface_ids":[],"os_profile":true,"os_profile_linux_config":[{"ssh_keys":[]}],"os_profile_secrets":[],"os_profile_windows_config":[],"plan":[],"storage_data_disk":[],"storage_image_reference":[{}],"storage_os_disk":[{}]}},{"address":"module.vms.azurerm_virtual_machine.vm[\"vm3\"]","mode":"managed","type":"azurerm_virtual_machine","name":"vm","index":"vm3","provider_name":"registry.terraform.io/hashicorp/azurerm","schema_version":0,"values":{"additional_capabilities":[],"boot_diagnostics":[],"delete_data_disks_on_termination":true,"delete_os_disk_on_termination":true,"identity":[],"location":"westus","name":"incedo-vm","os_profile":[{"admin_password":"P@ssw0rd1234!","admin_username":"azureuser","computer_name":"incedo-vm"}],"os_profile_linux_config":[{"disable_password_authentication":false,"ssh_keys":[]}],"os_profile_secrets":[],"os_profile_windows_config":[],"plan":[],"primary_network_interface_id":null,"proximity_placement_group_id":null,"resource_group_name":"spokeincedo-rg","storage_image_reference":[{"id":"","offer":"0001-com-ubuntu-server-focal","publisher":"Canonical","sku":"20_04-lts","version":"latest"}],"storage_os_disk":[{"caching":"ReadWrite","create_option":"FromImage","image_uri":null,"managed_disk_type":"Standard_LRS","name":"osdisk-incedo-vm","vhd_uri":null,"write_accelerator_enabled":false}],"tags":null,"timeouts":null,"vm_size":"Standard_B2s","zones":null},"sensitive_values":{"additional_capabilities":[],"boot_diagnostics":[],"identity":[],"network_interface_ids":[],"os_profile":true,"os_profile_linux_config":[{"ssh_keys":[]}],"os_profile_secrets":[],"os_profile_windows_config":[],"plan":[],"storage_data_disk":[],"storage_image_reference":[{}],"storage_os_disk":[{}]}},{"address":"module.vms.azurerm_virtual_machine.vm[\"vm4\"]","mode":"managed","type":"azurerm_virtual_machine","name":"vm","index":"vm4","provider_name":"registry.terraform.io/hashicorp/azurerm","schema_version":0,"values":{"additional_capabilities":[],"boot_diagnostics":[],"delete_data_disks_on_termination":true,"delete_os_disk_on_termination":true,"identity":[],"location":"westeurope","name":"onprem-vm","os_profile":[{"admin_password":"P@ssw0rd1234!","admin_username":"azureuser","computer_name":"onprem-vm"}],"os_profile_linux_config":[{"disable_password_authentication":false,"ssh_keys":[]}],"os_profile_secrets":[],"os_profile_windows_config":[],"plan":[],"primary_network_interface_id":null,"proximity_placement_group_id":null,"resource_group_name":"onprem-rg","storage_image_reference":[{"id":"","offer":"0001-com-ubuntu-server-focal","publisher":"Canonical","sku":"20_04-lts","version":"latest"}],"storage_os_disk":[{"caching":"ReadWrite","create_option":"FromImage","image_uri":null,"managed_disk_type":"Standard_LRS","name":"osdisk-onprem-vm","vhd_uri":null,"write_accelerator_enabled":false}],"tags":null,"timeouts":null,"vm_size":"Standard_B2s","zones":null},"sensitive_values":{"additional_capabilities":[],"boot_diagnostics":[],"identity":[],"network_interface_ids":[],"os_profile":true,"os_profile_linux_config":[{"ssh_keys":[]}],"os_profile_secrets":[],"os_profile_windows_config":[],"plan":[],"storage_data_disk":[],"storage_image_reference":[{}],"storage_os_disk":[{}]}},{"address":"module.vms.data.azurerm_subnet.subnet[\"vm1\"]","mode":"data","type":"azurerm_subnet","name":"subnet","index":"vm1","provider_name":"registry.terraform.io/hashicorp/azurerm","schema_version":0,"values":{"name":"jumpserver-subnet","resource_group_name":"hub-rg","timeouts":null,"virtual_network_name":"hub-vnet"},"sensitive_values":{"address_prefixes":[],"service_endpoints":[]}},{"address":"module.vms.data.azurerm_subnet.subnet[\"vm2\"]","mode":"data","type":"azurerm_subnet","name":"subnet","index":"vm2","provider_name":"registry.terraform.io/hashicorp/azurerm","schema_version":0,"values":{"name":"applicationtodo-subnet","resource_group_name":"spoketodo-rg","timeouts":null,"virtual_network_name":"spoketodo-vnet"},"sensitive_values":{"address_prefixes":[],"service_endpoints":[]}},{"address":"module.vms.data.azurerm_subnet.subnet[\"vm3\"]","mode":"data","type":"azurerm_subnet","name":"subnet","index":"vm3","provider_name":"registry.terraform.io/hashicorp/azurerm","schema_version":0,"values":{"name":"applicationincedo-subnet","resource_group_name":"spokeincedo-rg","timeouts":null,"virtual_network_name":"spokeincedo-vnet"},"sensitive_values":{"address_prefixes":[],"service_endpoints":[]}},{"address":"module.vms.data.azurerm_subnet.subnet[\"vm4\"]","mode":"data","type":"azurerm_subnet","name":"subnet","index":"vm4","provider_name":"registry.terraform.io/hashicorp/azurerm","schema_version":0,"values":{"name":"applicationonprem-subnet","resource_group_name":"onprem-rg","timeouts":null,"virtual_network_name":"onprem-vnet"},"sensitive_values":{"address_prefixes":[],"service_endpoints":[]}}],"address":"module.vms"},{"resources":[{"address":"module.vnetsubnets.azurerm_virtual_network.vnetsubnet[\"vnet1\"]","mode":"managed","type":"azurerm_virtual_network","name":"vnetsubnet","index":"vnet1","provider_name":"registry.terraform.io/hashicorp/azurerm","schema_version":0,"values":{"address_space":["10.0.0.0/16"],"bgp_community":null,"ddos_protection_plan":[],"edge_zone":null,"encryption":[],"flow_timeout_in_minutes":null,"ip_address_pool":[],"location":"centralindia","name":"hub-vnet","private_endpoint_vnet_policies":"Disabled","resource_group_name":"hub-rg","subnet":[{"address_prefixes":["10.0.3.0/24"],"default_outbound_access_enabled":true,"delegation":[],"name":"AzureBastionSubnet","private_endpoint_network_policies":"Disabled","private_link_service_network_policies_enabled":true,"route_table_id":"","security_group":"","service_endpoint_policy_ids":[],"service_endpoints":[]},{"address_prefixes":["10.0.4.0/24"],"default_outbound_access_enabled":true,"delegation":[],"name":"AppGatewaySubnet","private_endpoint_network_policies":"Disabled","private_link_service_network_policies_enabled":true,"route_table_id":"","security_group":"","service_endpoint_policy_ids":[],"service_endpoints":[]},{"address_prefixes":["10.0.5.0/24"],"default_outbound_access_enabled":true,"delegation":[],"name":"GatewaySubnet","private_endpoint_network_policies":"Disabled","private_link_service_network_policies_enabled":true,"route_table_id":"","security_group":"","service_endpoint_policy_ids":[],"service_endpoints":[]},{"address_prefixes":["10.0.6.0/24"],"default_outbound_access_enabled":true,"delegation":[],"name":"AzureFirewallSubnet","private_endpoint_network_policies":"Disabled","private_link_service_network_policies_enabled":true,"route_table_id":"","security_group":"","service_endpoint_policy_ids":[],"service_endpoints":[]},{"address_prefixes":["10.0.7.0/24"],"default_outbound_access_enabled":true,"delegation":[],"name":"jumpserver-subnet","private_endpoint_network_policies":"Disabled","private_link_service_network_policies_enabled":true,"route_table_id":"","security_group":"","service_endpoint_policy_ids":[],"service_endpoints":[]}],"tags":{"Environment":"dev","Owner":"DevTeam","Project":"MyProject"},"timeouts":null},"sensitive_values":{"address_space":[false],"ddos_protection_plan":[],"dns_servers":[],"encryption":[],"ip_address_pool":[],"subnet":[{"address_prefixes":[false],"delegation":[],"service_endpoint_policy_ids":[],"service_endpoints":[]},{"address_prefixes":[false],"delegation":[],"service_endpoint_policy_ids":[],"service_endpoints":[]},{"address_prefixes":[false],"delegation":[],"service_endpoint_policy_ids":[],"service_endpoints":[]},{"address_prefixes":[false],"delegation":[],"service_endpoint_policy_ids":[],"service_endpoints":[]},{"address_prefixes":[false],"delegation":[],"service_endpoint_policy_ids":[],"service_endpoints":[]}],"tags":{}}},{"address":"module.vnetsubnets.azurerm_virtual_network.vnetsubnet[\"vnet2\"]","mode":"managed","type":"azurerm_virtual_network","name":"vnetsubnet","index":"vnet2","provider_name":"registry.terraform.io/hashicorp/azurerm","schema_version":0,"values":{"address_space":["172.16.0.0/16"],"bgp_community":null,"ddos_protection_plan":[],"edge_zone":null,"encryption":[],"flow_timeout_in_minutes":null,"ip_address_pool":[],"location":"eastus","name":"spoketodo-vnet","private_endpoint_vnet_policies":"Disabled","resource_group_name":"spoketodo-rg","subnet":[{"address_prefixes":["172.16.1.0/24"],"default_outbound_access_enabled":true,"delegation":[],"name":"applicationtodo-subnet","private_endpoint_network_policies":"Disabled","private_link_service_network_policies_enabled":true,"route_table_id":"","security_group":"","service_endpoint_policy_ids":[],"service_endpoints":[]}],"tags":{"Environment":"dev","Owner":"DevTeam","Project":"MyProject"},"timeouts":null},"sensitive_values":{"address_space":[false],"ddos_protection_plan":[],"dns_servers":[],"encryption":[],"ip_address_pool":[],"subnet":[{"address_prefixes":[false],"delegation":[],"service_endpoint_policy_ids":[],"service_endpoints":[]}],"tags":{}}},{"address":"module.vnetsubnets.azurerm_virtual_network.vnetsubnet[\"vnet3\"]","mode":"managed","type":"azurerm_virtual_network","name":"vnetsubnet","index":"vnet3","provider_name":"registry.terraform.io/hashicorp/azurerm","schema_version":0,"values":{"address_space":["192.168.0.0/16"],"bgp_community":null,"ddos_protection_plan":[],"edge_zone":null,"encryption":[],"flow_timeout_in_minutes":null,"ip_address_pool":[],"location":"westus","name":"spokeincedo-vnet","private_endpoint_vnet_policies":"Disabled","resource_group_name":"spokeincedo-rg","subnet":[{"address_prefixes":["192.168.1.0/24"],"default_outbound_access_enabled":true,"delegation":[],"name":"applicationincedo-subnet","private_endpoint_network_policies":"Disabled","private_link_service_network_policies_enabled":true,"route_table_id":"","security_group":"","service_endpoint_policy_ids":[],"service_endpoints":[]}],"tags":{"Environment":"dev","Owner":"DevTeam","Project":"MyProject"},"timeouts":null},"sensitive_values":{"address_space":[false],"ddos_protection_plan":[],"dns_servers":[],"encryption":[],"ip_address_pool":[],"subnet":[{"address_prefixes":[false],"delegation":[],"service_endpoint_policy_ids":[],"service_endpoints":[]}],"tags":{}}},{"address":"module.vnetsubnets.azurerm_virtual_network.vnetsubnet[\"vnet4\"]","mode":"managed","type":"azurerm_virtual_network","name":"vnetsubnet","index":"vnet4","provider_name":"registry.terraform.io/hashicorp/azurerm","schema_version":0,"values":{"address_space":["30.0.0.0/16"],"bgp_community":null,"ddos_protection_plan":[],"edge_zone":null,"encryption":[],"flow_timeout_in_minutes":null,"ip_address_pool":[],"location":"westeurope","name":"onprem-vnet","private_endpoint_vnet_policies":"Disabled","resource_group_name":"onprem-rg","subnet":[{"address_prefixes":["30.0.1.0/24"],"default_outbound_access_enabled":true,"delegation":[],"name":"applicationonprem-subnet","private_endpoint_network_policies":"Disabled","private_link_service_network_policies_enabled":true,"route_table_id":"","security_group":"","service_endpoint_policy_ids":[],"service_endpoints":[]}],"tags":{"Environment":"dev","Owner":"DevTeam","Project":"MyProject"},"timeouts":null},"sensitive_values":{"address_space":[false],"ddos_protection_plan":[],"dns_servers":[],"encryption":[],"ip_address_pool":[],"subnet":[{"address_prefixes":[false],"delegation":[],"service_endpoint_policy_ids":[],"service_endpoints":[]}],"tags":{}}}],"address":"module.vnetsubnets"},{"resources":[{"address":"module.vpn_gateway.azurerm_local_network_gateway.onpremise[\"vpn1\"]","mode":"managed","type":"azurerm_local_network_gateway","name":"onpremise","index":"vpn1","provider_name":"registry.terraform.io/hashicorp/azurerm","schema_version":0,"values":{"address_space":["192.168.1.0/24"],"bgp_settings":[],"gateway_address":"5.4.56.7","gateway_fqdn":null,"location":"centralindia","name":"onpremise","resource_group_name":"hub-rg","tags":null,"timeouts":null},"sensitive_values":{"address_space":[false],"bgp_settings":[]}},{"address":"module.vpn_gateway.azurerm_virtual_network_gateway.vpn_gw[\"vpn1\"]","mode":"managed","type":"azurerm_virtual_network_gateway","name":"vpn_gw","index":"vpn1","provider_name":"registry.terraform.io/hashicorp/azurerm","schema_version":0,"values":{"active_active":false,"bgp_route_translation_for_nat_enabled":false,"custom_route":[],"default_local_network_gateway_id":null,"dns_forwarding_enabled":null,"edge_zone":null,"enable_bgp":false,"ip_configuration":[{"name":"vnetGatewayConfig","private_ip_address_allocation":"Dynamic"}],"ip_sec_replay_protection_enabled":true,"location":"centralindia","name":"hub-vpn-gateway","policy_group":[],"private_ip_address_enabled":null,"remote_vnet_traffic_enabled":false,"resource_group_name":"hub-rg","sku":"VpnGw1","tags":null,"timeouts":null,"type":"Vpn","virtual_wan_traffic_enabled":false,"vpn_client_configuration":[],"vpn_type":"RouteBased"},"sensitive_values":{"bgp_settings":[],"custom_route":[],"ip_configuration":[{}],"policy_group":[],"vpn_client_configuration":[]}},{"address":"module.vpn_gateway.azurerm_virtual_network_gateway_connection.onpremise[\"vpn1\"]","mode":"managed","type":"azurerm_virtual_network_gateway_connection","name":"onpremise","index":"vpn1","provider_name":"registry.terraform.io/hashicorp/azurerm","schema_version":0,"values":{"authorization_key":null,"connection_mode":"Default","custom_bgp_addresses":[],"dpd_timeout_seconds":null,"egress_nat_rule_ids":null,"express_route_circuit_id":null,"ingress_nat_rule_ids":null,"ipsec_policy":[],"local_azure_ip_address_enabled":null,"location":"centralindia","name":"vpn-connection","peer_virtual_network_gateway_id":null,"private_link_fast_path_enabled":false,"resource_group_name":"hub-rg","shared_key":"Azure@123","tags":null,"timeouts":null,"traffic_selector_policy":[],"type":"IPsec"},"sensitive_values":{"authorization_key":true,"custom_bgp_addresses":[],"ipsec_policy":[],"shared_key":true,"traffic_selector_policy":[]}},{"address":"module.vpn_gateway.data.azurerm_public_ip.pip[\"vpn1\"]","mode":"data","type":"azurerm_public_ip","name":"pip","index":"vpn1","provider_name":"registry.terraform.io/hashicorp/azurerm","schema_version":0,"values":{"name":"pip-vpn-gateway","resource_group_name":"hub-rg","timeouts":null},"sensitive_values":{"ip_tags":{},"tags":{},"zones":[]}},{"address":"module.vpn_gateway.data.azurerm_subnet.subnet[\"vpn1\"]","mode":"data","type":"azurerm_subnet","name":"subnet","index":"vpn1","provider_name":"registry.terraform.io/hashicorp/azurerm","schema_version":0,"values":{"name":"GatewaySubnet","resource_group_name":"hub-rg","timeouts":null,"virtual_network_name":"hub-vnet"},"sensitive_values":{"address_prefixes":[],"service_endpoints":[]}}],"address":"module.vpn_gateway"},{"resources":[{"address":"module.workspace.azurerm_log_analytics_workspace.example[\"workspace1\"]","mode":"managed","type":"azurerm_log_analytics_workspace","name":"example","index":"workspace1","provider_name":"registry.terraform.io/hashicorp/azurerm","schema_version":3,"values":{"allow_resource_only_permissions":true,"cmk_for_query_forced":null,"daily_quota_gb":-1,"data_collection_rule_id":null,"identity":[],"immediate_data_purge_on_30_days_enabled":null,"internet_ingestion_enabled":true,"internet_query_enabled":true,"local_authentication_disabled":false,"location":"centralindia","name":"genomic-log-analytics","reservation_capacity_in_gb_per_day":null,"resource_group_name":"hub-rg","retention_in_days":30,"sku":"PerGB2018","tags":null,"timeouts":null},"sensitive_values":{"identity":[],"primary_shared_key":true,"secondary_shared_key":true}}],"address":"module.workspace"}]}},"resource_changes":[{"address":"module.app_gateways.data.azurerm_public_ip.pip[\"appgw1\"]","module_address":"module.app_gateways","mode":"data","type":"azurerm_public_ip","name":"pip","index":"appgw1","provider_name":"registry.terraform.io/hashicorp/azurerm","change":{"actions":["read"],"before":null,"after":{"name":"pip-appgw","resource_group_name":"hub-rg","timeouts":null},"after_unknown":{"allocation_method":true,"ddos_protection_mode":true,"ddos_protection_plan_id":true,"domain_name_label":true,"fqdn":true,"id":true,"idle_timeout_in_minutes":true,"ip_address":true,"ip_tags":true,"ip_version":true,"location":true,"reverse_fqdn":true,"sku":true,"tags":true,"zones":true},"before_sensitive":false,"after_sensitive":{"ip_tags":{},"tags":{},"zones":[]}},"action_reason":"read_because_dependency_pending"},{"address":"module.app_gateways.data.azurerm_subnet.subnet[\"appgw1\"]","module_address":"module.app_gateways","mode":"data","type":"azurerm_subnet","name":"subnet","index":"appgw1","provider_name":"registry.terraform.io/hashicorp/azurerm","change":{"actions":["read"],"before":null,"after":{"name":"AppGatewaySubnet","resource_group_name":"hub-rg","timeouts":null,"virtual_network_name":"hub-vnet"},"after_unknown":{"address_prefix":true,"address_prefixes":true,"default_outbound_access_enabled":true,"id":true,"network_security_group_id":true,"private_endpoint_network_policies":true,"private_link_service_network_policies_enabled":true,"route_table_id":true,"service_endpoints":true},"before_sensitive":false,"after_sensitive":{"address_prefixes":[],"service_endpoints":[]}},"action_reason":"read_because_dependency_pending"},{"address":"module.app_gateways.azurerm_application_gateway.appgw[\"appgw1\"]","module_address":"module.app_gateways","mode":"managed","type":"azurerm_application_gateway","name":"appgw","index":"appgw1","provider_name":"registry.terraform.io/hashicorp/azurerm","change":{"actions":["create"],"before":null,"after":{"authentication_certificate":[],"autoscale_configuration":[],"backend_address_pool":[{"fqdns":[],"ip_addresses":["172.16.0.5","172.16.0.6"],"name":"appGatewayBackendPool"}],"backend_http_settings":[{"affinity_cookie_name":"","authentication_certificate":[],"connection_draining":[],"cookie_based_affinity":"Disabled","host_name":"","name":"appGatewayBackendHttpSettings","path":"","pick_host_name_from_backend_address":false,"port":80,"probe_name":"","protocol":"Http","request_timeout":20,"trusted_root_certificate_names":[]}],"custom_error_configuration":[],"enable_http2":null,"fips_enabled":null,"firewall_policy_id":null,"force_firewall_policy_association":null,"frontend_ip_configuration":[{"name":"appGatewayFrontendIP","private_ip_address_allocation":"Dynamic","private_link_configuration_name":null,"subnet_id":null}],"frontend_port":[{"name":"frontendPort","port":80}],"gateway_ip_configuration":[{"name":"appGatewayIpConfig"}],"global":[],"http_listener":[{"custom_error_configuration":[],"firewall_policy_id":"","frontend_ip_configuration_name":"appGatewayFrontendIP","frontend_port_name":"frontendPort","host_name":"","host_names":[],"name":"appGatewayHttpListener","protocol":"Http","require_sni":null,"ssl_certificate_name":"","ssl_profile_name":""}],"identity":[],"location":"centralindia","name":"genomic-appgw","private_link_configuration":[],"probe":[],"redirect_configuration":[],"request_routing_rule":[{"backend_address_pool_name":"appGatewayBackendPool","backend_http_settings_name":"appGatewayBackendHttpSettings","http_listener_name":"appGatewayHttpListener","name":"rule1","priority":100,"redirect_configuration_name":"","rewrite_rule_set_name":"","rule_type":"Basic","url_path_map_name":""}],"resource_group_name":"hub-rg","rewrite_rule_set":[],"sku":[{"capacity":2,"name":"Standard_v2","tier":"Standard_v2"}],"ssl_certificate":[],"ssl_profile":[],"tags":null,"timeouts":null,"trusted_client_certificate":[],"trusted_root_certificate":[],"url_path_map":[],"waf_configuration":[],"zones":null},"after_unknown":{"authentication_certificate":[],"autoscale_configuration":[],"backend_address_pool":[{"fqdns":[],"id":true,"ip_addresses":[false,false]}],"backend_http_settings":[{"authentication_certificate":[],"connection_draining":[],"id":true,"probe_id":true,"trusted_root_certificate_names":[]}],"custom_error_configuration":[],"frontend_ip_configuration":[{"id":true,"private_ip_address":true,"private_link_configuration_id":true,"public_ip_address_id":true}],"frontend_port":[{"id":true}],"gateway_ip_configuration":[{"id":true,"subnet_id":true}],"global":[],"http_listener":[{"custom_error_configuration":[],"frontend_ip_configuration_id":true,"frontend_port_id":true,"host_names":[],"id":true,"ssl_certificate_id":true,"ssl_profile_id":true}],"id":true,"identity":[],"private_endpoint_connection":true,"private_link_configuration":[],"probe":[],"redirect_configuration":[],"request_routing_rule":[{"backend_address_pool_id":true,"backend_http_settings_id":true,"http_listener_id":true,"id":true,"redirect_configuration_id":true,"rewrite_rule_set_id":true,"url_path_map_id":true}],"rewrite_rule_set":[],"sku":[{}],"ssl_certificate":[],"ssl_policy":true,"ssl_profile":[],"trusted_client_certificate":[],"trusted_root_certificate":[],"url_path_map":[],"waf_configuration":[]},"before_sensitive":false,"after_sensitive":{"authentication_certificate":[],"autoscale_configuration":[],"backend_address_pool":[{"fqdns":[],"ip_addresses":[false,false]}],"backend_http_settings":[{"authentication_certificate":[],"connection_draining":[],"trusted_root_certificate_names":[]}],"custom_error_configuration":[],"frontend_ip_configuration":[{}],"frontend_port":[{}],"gateway_ip_configuration":[{}],"global":[],"http_listener":[{"custom_error_configuration":[],"host_names":[]}],"identity":[],"private_endpoint_connection":[],"private_link_configuration":[],"probe":[],"redirect_configuration":[],"request_routing_rule":[{}],"rewrite_rule_set":[],"sku":[{}],"ssl_certificate":[],"ssl_policy":[],"ssl_profile":[],"trusted_client_certificate":[],"trusted_root_certificate":[],"url_path_map":[],"waf_configuration":[]}}},{"address":"module.firewall.data.azurerm_public_ip.pip[\"firewall1\"]","module_address":"module.firewall","mode":"data","type":"azurerm_public_ip","name":"pip","index":"firewall1","provider_name":"registry.terraform.io/hashicorp/azurerm","change":{"actions":["read"],"before":null,"after":{"name":"pip-firewall","resource_group_name":"hub-rg","timeouts":null},"after_unknown":{"allocation_method":true,"ddos_protection_mode":true,"ddos_protection_plan_id":true,"domain_name_label":true,"fqdn":true,"id":true,"idle_timeout_in_minutes":true,"ip_address":true,"ip_tags":true,"ip_version":true,"location":true,"reverse_fqdn":true,"sku":true,"tags":true,"zones":true},"before_sensitive":false,"after_sensitive":{"ip_tags":{},"tags":{},"zones":[]}},"action_reason":"read_because_dependency_pending"},{"address":"module.firewall.data.azurerm_subnet.subnet[\"firewall1\"]","module_address":"module.firewall","mode":"data","type":"azurerm_subnet","name":"subnet","index":"firewall1","provider_name":"registry.terraform.io/hashicorp/azurerm","change":{"actions":["read"],"before":null,"after":{"name":"AzureFirewallSubnet","resource_group_name":"hub-rg","timeouts":null,"virtual_network_name":"hub-vnet"},"after_unknown":{"address_prefix":true,"address_prefixes":true,"default_outbound_access_enabled":true,"id":true,"network_security_group_id":true,"private_endpoint_network_policies":true,"private_link_service_network_policies_enabled":true,"route_table_id":true,"service_endpoints":true},"before_sensitive":false,"after_sensitive":{"address_prefixes":[],"service_endpoints":[]}},"action_reason":"read_because_dependency_pending"},{"address":"module.firewall.azurerm_firewall.firewall[\"firewall1\"]","module_address":"module.firewall","mode":"managed","type":"azurerm_firewall","name":"firewall","index":"firewall1","provider_name":"registry.terraform.io/hashicorp/azurerm","change":{"actions":["create"],"before":null,"after":{"dns_servers":null,"firewall_policy_id":null,"ip_configuration":[{"name":"configuration"}],"location":"centralindia","management_ip_configuration":[],"name":"testfirewall","private_ip_ranges":null,"resource_group_name":"hub-rg","sku_name":"AZFW_VNet","sku_tier":"Standard","tags":null,"timeouts":null,"virtual_hub":[],"zones":null},"after_unknown":{"dns_proxy_enabled":true,"id":true,"ip_configuration":[{"private_ip_address":true,"public_ip_address_id":true,"subnet_id":true}],"management_ip_configuration":[],"threat_intel_mode":true,"virtual_hub":[]},"before_sensitive":false,"after_sensitive":{"ip_configuration":[{}],"management_ip_configuration":[],"virtual_hub":[]}}},{"address":"module.nsgs.azurerm_network_security_group.example[\"nsg1\"]","module_address":"module.nsgs","mode":"managed","type":"azurerm_network_security_group","name":"example","index":"nsg1","provider_name":"registry.terraform.io/hashicorp/azurerm","change":{"actions":["create"],"before":null,"after":{"location":"centralindia","name":"nsg-genomic-app","resource_group_name":"hub-rg","security_rule":[{"access":"Allow","description":"","destination_address_prefix":"*","destination_address_prefixes":[],"destination_application_security_group_ids":[],"destination_port_range":"*","destination_port_ranges":[],"direction":"Inbound","name":"test123","priority":100,"protocol":"Tcp","source_address_prefix":"*","source_address_prefixes":[],"source_application_security_group_ids":[],"source_port_range":"*","source_port_ranges":[]}],"tags":null,"timeouts":null},"after_unknown":{"id":true,"security_rule":[{"destination_address_prefixes":[],"destination_application_security_group_ids":[],"destination_port_ranges":[],"source_address_prefixes":[],"source_application_security_group_ids":[],"source_port_ranges":[]}]},"before_sensitive":false,"after_sensitive":{"security_rule":[{"destination_address_prefixes":[],"destination_application_security_group_ids":[],"destination_port_ranges":[],"source_address_prefixes":[],"source_application_security_group_ids":[],"source_port_ranges":[]}]}}},{"address":"module.pips.azurerm_public_ip.pip[\"pip1\"]","module_address":"module.pips","mode":"managed","type":"azurerm_public_ip","name":"pip","index":"pip1","provider_name":"registry.terraform.io/hashicorp/azurerm","change":{"actions":["create"],"before":null,"after":{"allocation_method":"Static","ddos_protection_mode":"VirtualNetworkInherited","ddos_protection_plan_id":null,"domain_name_label":null,"domain_name_label_scope":null,"edge_zone":null,"idle_timeout_in_minutes":4,"ip_tags":null,"ip_version":"IPv4","location":"centralindia","name":"pip-appgw","public_ip_prefix_id":null,"resource_group_name":"hub-rg","reverse_fqdn":null,"sku":"Standard","sku_tier":"Regional","tags":{"Environment":"dev","Owner":"DevTeam","Project":"MyProject"},"timeouts":null,"zones":null},"after_unknown":{"fqdn":true,"id":true,"ip_address":true,"tags":{}},"before_sensitive":false,"after_sensitive":{"tags":{}}}},{"address":"module.pips.azurerm_public_ip.pip[\"pip6\"]","module_address":"module.pips","mode":"managed","type":"azurerm_public_ip","name":"pip","index":"pip6","provider_name":"registry.terraform.io/hashicorp/azurerm","change":{"actions":["create"],"before":null,"after":{"allocation_method":"Static","ddos_protection_mode":"VirtualNetworkInherited","ddos_protection_plan_id":null,"domain_name_label":null,"domain_name_label_scope":null,"edge_zone":null,"idle_timeout_in_minutes":4,"ip_tags":null,"ip_version":"IPv4","location":"centralindia","name":"pip-vpn-gateway","public_ip_prefix_id":null,"resource_group_name":"hub-rg","reverse_fqdn":null,"sku":"Standard","sku_tier":"Regional","tags":{"Environment":"dev","Owner":"DevTeam","Project":"MyProject"},"timeouts":null,"zones":null},"after_unknown":{"fqdn":true,"id":true,"ip_address":true,"tags":{}},"before_sensitive":false,"after_sensitive":{"tags":{}}}},{"address":"module.pips.azurerm_public_ip.pip[\"pip7\"]","module_address":"module.pips","mode":"managed","type":"azurerm_public_ip","name":"pip","index":"pip7","provider_name":"registry.terraform.io/hashicorp/azurerm","change":{"actions":["create"],"before":null,"after":{"allocation_method":"Static","ddos_protection_mode":"VirtualNetworkInherited","ddos_protection_plan_id":null,"domain_name_label":null,"domain_name_label_scope":null,"edge_zone":null,"idle_timeout_in_minutes":4,"ip_tags":null,"ip_version":"IPv4","location":"centralindia","name":"pip-firewall","public_ip_prefix_id":null,"resource_group_name":"hub-rg","reverse_fqdn":null,"sku":"Standard","sku_tier":"Regional","tags":{"Environment":"dev","Owner":"DevTeam","Project":"MyProject"},"timeouts":null,"zones":null},"after_unknown":{"fqdn":true,"id":true,"ip_address":true,"tags":{}},"before_sensitive":false,"after_sensitive":{"tags":{}}}},{"address":"module.rg.azurerm_resource_group.name[\"rg1\"]","module_address":"module.rg","mode":"managed","type":"azurerm_resource_group","name":"name","index":"rg1","provider_name":"registry.terraform.io/hashicorp/azurerm","change":{"actions":["create"],"before":null,"after":{"location":"centralindia","managed_by":null,"name":"hub-rg","tags":{"Environment":"dev","Owner":"DevTeam","Project":"MyProject"},"timeouts":null},"after_unknown":{"id":true,"tags":{}},"before_sensitive":false,"after_sensitive":{"tags":{}}}},{"address":"module.rg.azurerm_resource_group.name[\"rg2\"]","module_address":"module.rg","mode":"managed","type":"azurerm_resource_group","name":"name","index":"rg2","provider_name":"registry.terraform.io/hashicorp/azurerm","change":{"actions":["create"],"before":null,"after":{"location":"eastus","managed_by":null,"name":"spoketodo-rg","tags":{"Environment":"dev","Owner":"DevTeam","Project":"MyProject"},"timeouts":null},"after_unknown":{"id":true,"tags":{}},"before_sensitive":false,"after_sensitive":{"tags":{}}}},{"address":"module.rg.azurerm_resource_group.name[\"rg3\"]","module_address":"module.rg","mode":"managed","type":"azurerm_resource_group","name":"name","index":"rg3","provider_name":"registry.terraform.io/hashicorp/azurerm","change":{"actions":["create"],"before":null,"after":{"location":"westus","managed_by":null,"name":"spokeincedo-rg","tags":{"Environment":"dev","Owner":"DevTeam","Project":"MyProject"},"timeouts":null},"after_unknown":{"id":true,"tags":{}},"before_sensitive":false,"after_sensitive":{"tags":{}}}},{"address":"module.rg.azurerm_resource_group.name[\"rg4\"]","module_address":"module.rg","mode":"managed","type":"azurerm_resource_group","name":"name","index":"rg4","provider_name":"registry.terraform.io/hashicorp/azurerm","change":{"actions":["create"],"before":null,"after":{"location":"westeurope","managed_by":null,"name":"onprem-rg","tags":{"Environment":"dev","Owner":"DevTeam","Project":"MyProject"},"timeouts":null},"after_unknown":{"id":true,"tags":{}},"before_sensitive":false,"after_sensitive":{"tags":{}}}},{"address":"module.vms.data.azurerm_subnet.subnet[\"vm1\"]","module_address":"module.vms","mode":"data","type":"azurerm_subnet","name":"subnet","index":"vm1","provider_name":"registry.terraform.io/hashicorp/azurerm","change":{"actions":["read"],"before":null,"after":{"name":"jumpserver-subnet","resource_group_name":"hub-rg","timeouts":null,"virtual_network_name":"hub-vnet"},"after_unknown":{"address_prefix":true,"address_prefixes":true,"default_outbound_access_enabled":true,"id":true,"network_security_group_id":true,"private_endpoint_network_policies":true,"private_link_service_network_policies_enabled":true,"route_table_id":true,"service_endpoints":true},"before_sensitive":false,"after_sensitive":{"address_prefixes":[],"service_endpoints":[]}},"action_reason":"read_because_dependency_pending"},{"address":"module.vms.data.azurerm_subnet.subnet[\"vm2\"]","module_address":"module.vms","mode":"data","type":"azurerm_subnet","name":"subnet","index":"vm2","provider_name":"registry.terraform.io/hashicorp/azurerm","change":{"actions":["read"],"before":null,"after":{"name":"applicationtodo-subnet","resource_group_name":"spoketodo-rg","timeouts":null,"virtual_network_name":"spoketodo-vnet"},"after_unknown":{"address_prefix":true,"address_prefixes":true,"default_outbound_access_enabled":true,"id":true,"network_security_group_id":true,"private_endpoint_network_policies":true,"private_link_service_network_policies_enabled":true,"route_table_id":true,"service_endpoints":true},"before_sensitive":false,"after_sensitive":{"address_prefixes":[],"service_endpoints":[]}},"action_reason":"read_because_dependency_pending"},{"address":"module.vms.data.azurerm_subnet.subnet[\"vm3\"]","module_address":"module.vms","mode":"data","type":"azurerm_subnet","name":"subnet","index":"vm3","provider_name":"registry.terraform.io/hashicorp/azurerm","change":{"actions":["read"],"before":null,"after":{"name":"applicationincedo-subnet","resource_group_name":"spokeincedo-rg","timeouts":null,"virtual_network_name":"spokeincedo-vnet"},"after_unknown":{"address_prefix":true,"address_prefixes":true,"default_outbound_access_enabled":true,"id":true,"network_security_group_id":true,"private_endpoint_network_policies":true,"private_link_service_network_policies_enabled":true,"route_table_id":true,"service_endpoints":true},"before_sensitive":false,"after_sensitive":{"address_prefixes":[],"service_endpoints":[]}},"action_reason":"read_because_dependency_pending"},{"address":"module.vms.data.azurerm_subnet.subnet[\"vm4\"]","module_address":"module.vms","mode":"data","type":"azurerm_subnet","name":"subnet","index":"vm4","provider_name":"registry.terraform.io/hashicorp/azurerm","change":{"actions":["read"],"before":null,"after":{"name":"applicationonprem-subnet","resource_group_name":"onprem-rg","timeouts":null,"virtual_network_name":"onprem-vnet"},"after_unknown":{"address_prefix":true,"address_prefixes":true,"default_outbound_access_enabled":true,"id":true,"network_security_group_id":true,"private_endpoint_network_policies":true,"private_link_service_network_policies_enabled":true,"route_table_id":true,"service_endpoints":true},"before_sensitive":false,"after_sensitive":{"address_prefixes":[],"service_endpoints":[]}},"action_reason":"read_because_dependency_pending"},{"address":"module.vms.azurerm_network_interface.nic[\"vm1\"]","module_address":"module.vms","mode":"managed","type":"azurerm_network_interface","name":"nic","index":"vm1","provider_name":"registry.terraform.io/hashicorp/azurerm","change":{"actions":["create"],"before":null,"after":{"accelerated_networking_enabled":false,"auxiliary_mode":null,"auxiliary_sku":null,"dns_servers":null,"edge_zone":null,"internal_dns_name_label":null,"ip_configuration":[{"name":"ipconfig1","private_ip_address_allocation":"Dynamic","private_ip_address_version":"IPv4","public_ip_address_id":null}],"ip_forwarding_enabled":false,"location":"centralindia","name":"nic-jumpvm","resource_group_name":"hub-rg","tags":{"Environment":"dev","Owner":"DevTeam","Project":"MyProject"},"timeouts":null},"after_unknown":{"applied_dns_servers":true,"id":true,"internal_domain_name_suffix":true,"ip_configuration":[{"gateway_load_balancer_frontend_ip_configuration_id":true,"primary":true,"private_ip_address":true,"subnet_id":true}],"mac_address":true,"private_ip_address":true,"private_ip_addresses":true,"tags":{},"virtual_machine_id":true},"before_sensitive":false,"after_sensitive":{"applied_dns_servers":[],"ip_configuration":[{}],"private_ip_addresses":[],"tags":{}}}},{"address":"module.vms.azurerm_network_interface.nic[\"vm2\"]","module_address":"module.vms","mode":"managed","type":"azurerm_network_interface","name":"nic","index":"vm2","provider_name":"registry.terraform.io/hashicorp/azurerm","change":{"actions":["create"],"before":null,"after":{"accelerated_networking_enabled":false,"auxiliary_mode":null,"auxiliary_sku":null,"dns_servers":null,"edge_zone":null,"internal_dns_name_label":null,"ip_configuration":[{"name":"ipconfig2","private_ip_address_allocation":"Dynamic","private_ip_address_version":"IPv4","public_ip_address_id":null}],"ip_forwarding_enabled":false,"location":"eastus","name":"nic-todovm","resource_group_name":"spoketodo-rg","tags":{"Environment":"dev","Owner":"DevTeam","Project":"MyProject"},"timeouts":null},"after_unknown":{"applied_dns_servers":true,"id":true,"internal_domain_name_suffix":true,"ip_configuration":[{"gateway_load_balancer_frontend_ip_configuration_id":true,"primary":true,"private_ip_address":true,"subnet_id":true}],"mac_address":true,"private_ip_address":true,"private_ip_addresses":true,"tags":{},"virtual_machine_id":true},"before_sensitive":false,"after_sensitive":{"applied_dns_servers":[],"ip_configuration":[{}],"private_ip_addresses":[],"tags":{}}}},{"address":"module.vms.azurerm_network_interface.nic[\"vm3\"]","module_address":"module.vms","mode":"managed","type":"azurerm_network_interface","name":"nic","index":"vm3","provider_name":"registry.terraform.io/hashicorp/azurerm","change":{"actions":["create"],"before":null,"after":{"accelerated_networking_enabled":false,"auxiliary_mode":null,"auxiliary_sku":null,"dns_servers":null,"edge_zone":null,"internal_dns_name_label":null,"ip_configuration":[{"name":"ipconfig3","private_ip_address_allocation":"Dynamic","private_ip_address_version":"IPv4","public_ip_address_id":null}],"ip_forwarding_enabled":false,"location":"westus","name":"nic-incedo-vm","resource_group_name":"spokeincedo-rg","tags":{"Environment":"dev","Owner":"DevTeam","Project":"MyProject"},"timeouts":null},"after_unknown":{"applied_dns_servers":true,"id":true,"internal_domain_name_suffix":true,"ip_configuration":[{"gateway_load_balancer_frontend_ip_configuration_id":true,"primary":true,"private_ip_address":true,"subnet_id":true}],"mac_address":true,"private_ip_address":true,"private_ip_addresses":true,"tags":{},"virtual_machine_id":true},"before_sensitive":false,"after_sensitive":{"applied_dns_servers":[],"ip_configuration":[{}],"private_ip_addresses":[],"tags":{}}}},{"address":"module.vms.azurerm_network_interface.nic[\"vm4\"]","module_address":"module.vms","mode":"managed","type":"azurerm_network_interface","name":"nic","index":"vm4","provider_name":"registry.terraform.io/hashicorp/azurerm","change":{"actions":["create"],"before":null,"after":{"accelerated_networking_enabled":false,"auxiliary_mode":null,"auxiliary_sku":null,"dns_servers":null,"edge_zone":null,"internal_dns_name_label":null,"ip_configuration":[{"name":"ipconfig4","private_ip_address_allocation":"Dynamic","private_ip_address_version":"IPv4","public_ip_address_id":null}],"ip_forwarding_enabled":false,"location":"westeurope","name":"nic-onprem-vm","resource_group_name":"onprem-rg","tags":{"Environment":"dev","Owner":"DevTeam","Project":"MyProject"},"timeouts":null},"after_unknown":{"applied_dns_servers":true,"id":true,"internal_domain_name_suffix":true,"ip_configuration":[{"gateway_load_balancer_frontend_ip_configuration_id":true,"primary":true,"private_ip_address":true,"subnet_id":true}],"mac_address":true,"private_ip_address":true,"private_ip_addresses":true,"tags":{},"virtual_machine_id":true},"before_sensitive":false,"after_sensitive":{"applied_dns_servers":[],"ip_configuration":[{}],"private_ip_addresses":[],"tags":{}}}},{"address":"module.vms.azurerm_virtual_machine.vm[\"vm1\"]","module_address":"module.vms","mode":"managed","type":"azurerm_virtual_machine","name":"vm","index":"vm1","provider_name":"registry.terraform.io/hashicorp/azurerm","change":{"actions":["create"],"before":null,"after":{"additional_capabilities":[],"boot_diagnostics":[],"delete_data_disks_on_termination":true,"delete_os_disk_on_termination":true,"identity":[],"location":"centralindia","name":"jumpserver_vm","os_profile":[{"admin_password":"P@ssw0rd1234!","admin_username":"azureuser","computer_name":"jumpvm1"}],"os_profile_linux_config":[{"disable_password_authentication":false,"ssh_keys":[]}],"os_profile_secrets":[],"os_profile_windows_config":[],"plan":[],"primary_network_interface_id":null,"proximity_placement_group_id":null,"resource_group_name":"hub-rg","storage_image_reference":[{"id":"","offer":"0001-com-ubuntu-server-jammy","publisher":"Canonical","sku":"22_04-lts-gen2","version":"latest"}],"storage_os_disk":[{"caching":"ReadWrite","create_option":"FromImage","image_uri":null,"managed_disk_type":"Standard_LRS","name":"osdisk-devvm1","vhd_uri":null,"write_accelerator_enabled":false}],"tags":null,"timeouts":null,"vm_size":"Standard_B2s","zones":null},"after_unknown":{"additional_capabilities":[],"availability_set_id":true,"boot_diagnostics":[],"id":true,"identity":[],"license_type":true,"network_interface_ids":true,"os_profile":[{"custom_data":true}],"os_profile_linux_config":[{"ssh_keys":[]}],"os_profile_secrets":[],"os_profile_windows_config":[],"plan":[],"storage_data_disk":true,"storage_image_reference":[{}],"storage_os_disk":[{"disk_size_gb":true,"managed_disk_id":true,"os_type":true}]},"before_sensitive":false,"after_sensitive":{"additional_capabilities":[],"boot_diagnostics":[],"identity":[],"network_interface_ids":[],"os_profile":true,"os_profile_linux_config":[{"ssh_keys":[]}],"os_profile_secrets":[],"os_profile_windows_config":[],"plan":[],"storage_data_disk":[],"storage_image_reference":[{}],"storage_os_disk":[{}]}}},{"address":"module.vms.azurerm_virtual_machine.vm[\"vm2\"]","module_address":"module.vms","mode":"managed","type":"azurerm_virtual_machine","name":"vm","index":"vm2","provider_name":"registry.terraform.io/hashicorp/azurerm","change":{"actions":["create"],"before":null,"after":{"additional_capabilities":[],"boot_diagnostics":[],"delete_data_disks_on_termination":true,"delete_os_disk_on_termination":true,"identity":[],"location":"eastus","name":"todoapp_vm","os_profile":[{"admin_password":"P@ssw0rd1234!","admin_username":"azureuser","computer_name":"todovm"}],"os_profile_linux_config":[{"disable_password_authentication":false,"ssh_keys":[]}],"os_profile_secrets":[],"os_profile_windows_config":[],"plan":[],"primary_network_interface_id":null,"proximity_placement_group_id":null,"resource_group_name":"spoketodo-rg","storage_image_reference":[{"id":"","offer":"0001-com-ubuntu-server-jammy","publisher":"Canonical","sku":"22_04-lts-gen2","version":"latest"}],"storage_os_disk":[{"caching":"ReadWrite","create_option":"FromImage","image_uri":null,"managed_disk_type":"Standard_LRS","name":"osdisk-todovm1","vhd_uri":null,"write_accelerator_enabled":false}],"tags":null,"timeouts":null,"vm_size":"Standard_B2s","zones":null},"after_unknown":{"additional_capabilities":[],"availability_set_id":true,"boot_diagnostics":[],"id":true,"identity":[],"license_type":true,"network_interface_ids":true,"os_profile":[{"custom_data":true}],"os_profile_linux_config":[{"ssh_keys":[]}],"os_profile_secrets":[],"os_profile_windows_config":[],"plan":[],"storage_data_disk":true,"storage_image_reference":[{}],"storage_os_disk":[{"disk_size_gb":true,"managed_disk_id":true,"os_type":true}]},"before_sensitive":false,"after_sensitive":{"additional_capabilities":[],"boot_diagnostics":[],"identity":[],"network_interface_ids":[],"os_profile":true,"os_profile_linux_config":[{"ssh_keys":[]}],"os_profile_secrets":[],"os_profile_windows_config":[],"plan":[],"storage_data_disk":[],"storage_image_reference":[{}],"storage_os_disk":[{}]}}},{"address":"module.vms.azurerm_virtual_machine.vm[\"vm3\"]","module_address":"module.vms","mode":"managed","type":"azurerm_virtual_machine","name":"vm","index":"vm3","provider_name":"registry.terraform.io/hashicorp/azurerm","change":{"actions":["create"],"before":null,"after":{"additional_capabilities":[],"boot_diagnostics":[],"delete_data_disks_on_termination":true,"delete_os_disk_on_termination":true,"identity":[],"location":"westus","name":"incedo-vm","os_profile":[{"admin_password":"P@ssw0rd1234!","admin_username":"azureuser","computer_name":"incedo-vm"}],"os_profile_linux_config":[{"disable_password_authentication":false,"ssh_keys":[]}],"os_profile_secrets":[],"os_profile_windows_config":[],"plan":[],"primary_network_interface_id":null,"proximity_placement_group_id":null,"resource_group_name":"spokeincedo-rg","storage_image_reference":[{"id":"","offer":"0001-com-ubuntu-server-focal","publisher":"Canonical","sku":"20_04-lts","version":"latest"}],"storage_os_disk":[{"caching":"ReadWrite","create_option":"FromImage","image_uri":null,"managed_disk_type":"Standard_LRS","name":"osdisk-incedo-vm","vhd_uri":null,"write_accelerator_enabled":false}],"tags":null,"timeouts":null,"vm_size":"Standard_B2s","zones":null},"after_unknown":{"additional_capabilities":[],"availability_set_id":true,"boot_diagnostics":[],"id":true,"identity":[],"license_type":true,"network_interface_ids":true,"os_profile":[{"custom_data":true}],"os_profile_linux_config":[{"ssh_keys":[]}],"os_profile_secrets":[],"os_profile_windows_config":[],"plan":[],"storage_data_disk":true,"storage_image_reference":[{}],"storage_os_disk":[{"disk_size_gb":true,"managed_disk_id":true,"os_type":true}]},"before_sensitive":false,"after_sensitive":{"additional_capabilities":[],"boot_diagnostics":[],"identity":[],"network_interface_ids":[],"os_profile":true,"os_profile_linux_config":[{"ssh_keys":[]}],"os_profile_secrets":[],"os_profile_windows_config":[],"plan":[],"storage_data_disk":[],"storage_image_reference":[{}],"storage_os_disk":[{}]}}},{"address":"module.vms.azurerm_virtual_machine.vm[\"vm4\"]","module_address":"module.vms","mode":"managed","type":"azurerm_virtual_machine","name":"vm","index":"vm4","provider_name":"registry.terraform.io/hashicorp/azurerm","change":{"actions":["create"],"before":null,"after":{"additional_capabilities":[],"boot_diagnostics":[],"delete_data_disks_on_termination":true,"delete_os_disk_on_termination":true,"identity":[],"location":"westeurope","name":"onprem-vm","os_profile":[{"admin_password":"P@ssw0rd1234!","admin_username":"azureuser","computer_name":"onprem-vm"}],"os_profile_linux_config":[{"disable_password_authentication":false,"ssh_keys":[]}],"os_profile_secrets":[],"os_profile_windows_config":[],"plan":[],"primary_network_interface_id":null,"proximity_placement_group_id":null,"resource_group_name":"onprem-rg","storage_image_reference":[{"id":"","offer":"0001-com-ubuntu-server-focal","publisher":"Canonical","sku":"20_04-lts","version":"latest"}],"storage_os_disk":[{"caching":"ReadWrite","create_option":"FromImage","image_uri":null,"managed_disk_type":"Standard_LRS","name":"osdisk-onprem-vm","vhd_uri":null,"write_accelerator_enabled":false}],"tags":null,"timeouts":null,"vm_size":"Standard_B2s","zones":null},"after_unknown":{"additional_capabilities":[],"availability_set_id":true,"boot_diagnostics":[],"id":true,"identity":[],"license_type":true,"network_interface_ids":true,"os_profile":[{"custom_data":true}],"os_profile_linux_config":[{"ssh_keys":[]}],"os_profile_secrets":[],"os_profile_windows_config":[],"plan":[],"storage_data_disk":true,"storage_image_reference":[{}],"storage_os_disk":[{"disk_size_gb":true,"managed_disk_id":true,"os_type":true}]},"before_sensitive":false,"after_sensitive":{"additional_capabilities":[],"boot_diagnostics":[],"identity":[],"network_interface_ids":[],"os_profile":true,"os_profile_linux_config":[{"ssh_keys":[]}],"os_profile_secrets":[],"os_profile_windows_config":[],"plan":[],"storage_data_disk":[],"storage_image_reference":[{}],"storage_os_disk":[{}]}}},{"address":"module.vnetsubnets.azurerm_virtual_network.vnetsubnet[\"vnet1\"]","module_address":"module.vnetsubnets","mode":"managed","type":"azurerm_virtual_network","name":"vnetsubnet","index":"vnet1","provider_name":"registry.terraform.io/hashicorp/azurerm","change":{"actions":["create"],"before":null,"after":{"address_space":["10.0.0.0/16"],"bgp_community":null,"ddos_protection_plan":[],"edge_zone":null,"encryption":[],"flow_timeout_in_minutes":null,"ip_address_pool":[],"location":"centralindia","name":"hub-vnet","private_endpoint_vnet_policies":"Disabled","resource_group_name":"hub-rg","subnet":[{"address_prefixes":["10.0.3.0/24"],"default_outbound_access_enabled":true,"delegation":[],"name":"AzureBastionSubnet","private_endpoint_network_policies":"Disabled","private_link_service_network_policies_enabled":true,"route_table_id":"","security_group":"","service_endpoint_policy_ids":[],"service_endpoints":[]},{"address_prefixes":["10.0.4.0/24"],"default_outbound_access_enabled":true,"delegation":[],"name":"AppGatewaySubnet","private_endpoint_network_policies":"Disabled","private_link_service_network_policies_enabled":true,"route_table_id":"","security_group":"","service_endpoint_policy_ids":[],"service_endpoints":[]},{"address_prefixes":["10.0.5.0/24"],"default_outbound_access_enabled":true,"delegation":[],"name":"GatewaySubnet","private_endpoint_network_policies":"Disabled","private_link_service_network_policies_enabled":true,"route_table_id":"","security_group":"","service_endpoint_policy_ids":[],"service_endpoints":[]},{"address_prefixes":["10.0.6.0/24"],"default_outbound_access_enabled":true,"delegation":[],"name":"AzureFirewallSubnet","private_endpoint_network_policies":"Disabled","private_link_service_network_policies_enabled":true,"route_table_id":"","security_group":"","service_endpoint_policy_ids":[],"service_endpoints":[]},{"address_prefixes":["10.0.7.0/24"],"default_outbound_access_enabled":true,"delegation":[],"name":"jumpserver-subnet","private_endpoint_network_policies":"Disabled","private_link_service_network_policies_enabled":true,"route_table_id":"","security_group":"","service_endpoint_policy_ids":[],"service_endpoints":[]}],"tags":{"Environment":"dev","Owner":"DevTeam","Project":"MyProject"},"timeouts":null},"after_unknown":{"address_space":[false],"ddos_protection_plan":[],"dns_servers":true,"encryption":[],"guid":true,"id":true,"ip_address_pool":[],"subnet":[{"address_prefixes":[false],"delegation":[],"id":true,"service_endpoint_policy_ids":[],"service_endpoints":[]},{"address_prefixes":[false],"delegation":[],"id":true,"service_endpoint_policy_ids":[],"service_endpoints":[]},{"address_prefixes":[false],"delegation":[],"id":true,"service_endpoint_policy_ids":[],"service_endpoints":[]},{"address_prefixes":[false],"delegation":[],"id":true,"service_endpoint_policy_ids":[],"service_endpoints":[]},{"address_prefixes":[false],"delegation":[],"id":true,"service_endpoint_policy_ids":[],"service_endpoints":[]}],"tags":{}},"before_sensitive":false,"after_sensitive":{"address_space":[false],"ddos_protection_plan":[],"dns_servers":[],"encryption":[],"ip_address_pool":[],"subnet":[{"address_prefixes":[false],"delegation":[],"service_endpoint_policy_ids":[],"service_endpoints":[]},{"address_prefixes":[false],"delegation":[],"service_endpoint_policy_ids":[],"service_endpoints":[]},{"address_prefixes":[false],"delegation":[],"service_endpoint_policy_ids":[],"service_endpoints":[]},{"address_prefixes":[false],"delegation":[],"service_endpoint_policy_ids":[],"service_endpoints":[]},{"address_prefixes":[false],"delegation":[],"service_endpoint_policy_ids":[],"service_endpoints":[]}],"tags":{}}}},{"address":"module.vnetsubnets.azurerm_virtual_network.vnetsubnet[\"vnet2\"]","module_address":"module.vnetsubnets","mode":"managed","type":"azurerm_virtual_network","name":"vnetsubnet","index":"vnet2","provider_name":"registry.terraform.io/hashicorp/azurerm","change":{"actions":["create"],"before":null,"after":{"address_space":["172.16.0.0/16"],"bgp_community":null,"ddos_protection_plan":[],"edge_zone":null,"encryption":[],"flow_timeout_in_minutes":null,"ip_address_pool":[],"location":"eastus","name":"spoketodo-vnet","private_endpoint_vnet_policies":"Disabled","resource_group_name":"spoketodo-rg","subnet":[{"address_prefixes":["172.16.1.0/24"],"default_outbound_access_enabled":true,"delegation":[],"name":"applicationtodo-subnet","private_endpoint_network_policies":"Disabled","private_link_service_network_policies_enabled":true,"route_table_id":"","security_group":"","service_endpoint_policy_ids":[],"service_endpoints":[]}],"tags":{"Environment":"dev","Owner":"DevTeam","Project":"MyProject"},"timeouts":null},"after_unknown":{"address_space":[false],"ddos_protection_plan":[],"dns_servers":true,"encryption":[],"guid":true,"id":true,"ip_address_pool":[],"subnet":[{"address_prefixes":[false],"delegation":[],"id":true,"service_endpoint_policy_ids":[],"service_endpoints":[]}],"tags":{}},"before_sensitive":false,"after_sensitive":{"address_space":[false],"ddos_protection_plan":[],"dns_servers":[],"encryption":[],"ip_address_pool":[],"subnet":[{"address_prefixes":[false],"delegation":[],"service_endpoint_policy_ids":[],"service_endpoints":[]}],"tags":{}}}},{"address":"module.vnetsubnets.azurerm_virtual_network.vnetsubnet[\"vnet3\"]","module_address":"module.vnetsubnets","mode":"managed","type":"azurerm_virtual_network","name":"vnetsubnet","index":"vnet3","provider_name":"registry.terraform.io/hashicorp/azurerm","change":{"actions":["create"],"before":null,"after":{"address_space":["192.168.0.0/16"],"bgp_community":null,"ddos_protection_plan":[],"edge_zone":null,"encryption":[],"flow_timeout_in_minutes":null,"ip_address_pool":[],"location":"westus","name":"spokeincedo-vnet","private_endpoint_vnet_policies":"Disabled","resource_group_name":"spokeincedo-rg","subnet":[{"address_prefixes":["192.168.1.0/24"],"default_outbound_access_enabled":true,"delegation":[],"name":"applicationincedo-subnet","private_endpoint_network_policies":"Disabled","private_link_service_network_policies_enabled":true,"route_table_id":"","security_group":"","service_endpoint_policy_ids":[],"service_endpoints":[]}],"tags":{"Environment":"dev","Owner":"DevTeam","Project":"MyProject"},"timeouts":null},"after_unknown":{"address_space":[false],"ddos_protection_plan":[],"dns_servers":true,"encryption":[],"guid":true,"id":true,"ip_address_pool":[],"subnet":[{"address_prefixes":[false],"delegation":[],"id":true,"service_endpoint_policy_ids":[],"service_endpoints":[]}],"tags":{}},"before_sensitive":false,"after_sensitive":{"address_space":[false],"ddos_protection_plan":[],"dns_servers":[],"encryption":[],"ip_address_pool":[],"subnet":[{"address_prefixes":[false],"delegation":[],"service_endpoint_policy_ids":[],"service_endpoints":[]}],"tags":{}}}},{"address":"module.vnetsubnets.azurerm_virtual_network.vnetsubnet[\"vnet4\"]","module_address":"module.vnetsubnets","mode":"managed","type":"azurerm_virtual_network","name":"vnetsubnet","index":"vnet4","provider_name":"registry.terraform.io/hashicorp/azurerm","change":{"actions":["create"],"before":null,"after":{"address_space":["30.0.0.0/16"],"bgp_community":null,"ddos_protection_plan":[],"edge_zone":null,"encryption":[],"flow_timeout_in_minutes":null,"ip_address_pool":[],"location":"westeurope","name":"onprem-vnet","private_endpoint_vnet_policies":"Disabled","resource_group_name":"onprem-rg","subnet":[{"address_prefixes":["30.0.1.0/24"],"default_outbound_access_enabled":true,"delegation":[],"name":"applicationonprem-subnet","private_endpoint_network_policies":"Disabled","private_link_service_network_policies_enabled":true,"route_table_id":"","security_group":"","service_endpoint_policy_ids":[],"service_endpoints":[]}],"tags":{"Environment":"dev","Owner":"DevTeam","Project":"MyProject"},"timeouts":null},"after_unknown":{"address_space":[false],"ddos_protection_plan":[],"dns_servers":true,"encryption":[],"guid":true,"id":true,"ip_address_pool":[],"subnet":[{"address_prefixes":[false],"delegation":[],"id":true,"service_endpoint_policy_ids":[],"service_endpoints":[]}],"tags":{}},"before_sensitive":false,"after_sensitive":{"address_space":[false],"ddos_protection_plan":[],"dns_servers":[],"encryption":[],"ip_address_pool":[],"subnet":[{"address_prefixes":[false],"delegation":[],"service_endpoint_policy_ids":[],"service_endpoints":[]}],"tags":{}}}},{"address":"module.vpn_gateway.data.azurerm_public_ip.pip[\"vpn1\"]","module_address":"module.vpn_gateway","mode":"data","type":"azurerm_public_ip","name":"pip","index":"vpn1","provider_name":"registry.terraform.io/hashicorp/azurerm","change":{"actions":["read"],"before":null,"after":{"name":"pip-vpn-gateway","resource_group_name":"hub-rg","timeouts":null},"after_unknown":{"allocation_method":true,"ddos_protection_mode":true,"ddos_protection_plan_id":true,"domain_name_label":true,"fqdn":true,"id":true,"idle_timeout_in_minutes":true,"ip_address":true,"ip_tags":true,"ip_version":true,"location":true,"reverse_fqdn":true,"sku":true,"tags":true,"zones":true},"before_sensitive":false,"after_sensitive":{"ip_tags":{},"tags":{},"zones":[]}},"action_reason":"read_because_dependency_pending"},{"address":"module.vpn_gateway.data.azurerm_subnet.subnet[\"vpn1\"]","module_address":"module.vpn_gateway","mode":"data","type":"azurerm_subnet","name":"subnet","index":"vpn1","provider_name":"registry.terraform.io/hashicorp/azurerm","change":{"actions":["read"],"before":null,"after":{"name":"GatewaySubnet","resource_group_name":"hub-rg","timeouts":null,"virtual_network_name":"hub-vnet"},"after_unknown":{"address_prefix":true,"address_prefixes":true,"default_outbound_access_enabled":true,"id":true,"network_security_group_id":true,"private_endpoint_network_policies":true,"private_link_service_network_policies_enabled":true,"route_table_id":true,"service_endpoints":true},"before_sensitive":false,"after_sensitive":{"address_prefixes":[],"service_endpoints":[]}},"action_reason":"read_because_dependency_pending"},{"address":"module.vpn_gateway.azurerm_local_network_gateway.onpremise[\"vpn1\"]","module_address":"module.vpn_gateway","mode":"managed","type":"azurerm_local_network_gateway","name":"onpremise","index":"vpn1","provider_name":"registry.terraform.io/hashicorp/azurerm","change":{"actions":["create"],"before":null,"after":{"address_space":["192.168.1.0/24"],"bgp_settings":[],"gateway_address":"5.4.56.7","gateway_fqdn":null,"location":"centralindia","name":"onpremise","resource_group_name":"hub-rg","tags":null,"timeouts":null},"after_unknown":{"address_space":[false],"bgp_settings":[],"id":true},"before_sensitive":false,"after_sensitive":{"address_space":[false],"bgp_settings":[]}}},{"address":"module.vpn_gateway.azurerm_virtual_network_gateway.vpn_gw[\"vpn1\"]","module_address":"module.vpn_gateway","mode":"managed","type":"azurerm_virtual_network_gateway","name":"vpn_gw","index":"vpn1","provider_name":"registry.terraform.io/hashicorp/azurerm","change":{"actions":["create"],"before":null,"after":{"active_active":false,"bgp_route_translation_for_nat_enabled":false,"custom_route":[],"default_local_network_gateway_id":null,"dns_forwarding_enabled":null,"edge_zone":null,"enable_bgp":false,"ip_configuration":[{"name":"vnetGatewayConfig","private_ip_address_allocation":"Dynamic"}],"ip_sec_replay_protection_enabled":true,"location":"centralindia","name":"hub-vpn-gateway","policy_group":[],"private_ip_address_enabled":null,"remote_vnet_traffic_enabled":false,"resource_group_name":"hub-rg","sku":"VpnGw1","tags":null,"timeouts":null,"type":"Vpn","virtual_wan_traffic_enabled":false,"vpn_client_configuration":[],"vpn_type":"RouteBased"},"after_unknown":{"bgp_settings":true,"custom_route":[],"generation":true,"id":true,"ip_configuration":[{"public_ip_address_id":true,"subnet_id":true}],"policy_group":[],"vpn_client_configuration":[]},"before_sensitive":false,"after_sensitive":{"bgp_settings":[],"custom_route":[],"ip_configuration":[{}],"policy_group":[],"vpn_client_configuration":[]}}},{"address":"module.vpn_gateway.azurerm_virtual_network_gateway_connection.onpremise[\"vpn1\"]","module_address":"module.vpn_gateway","mode":"managed","type":"azurerm_virtual_network_gateway_connection","name":"onpremise","index":"vpn1","provider_name":"registry.terraform.io/hashicorp/azurerm","change":{"actions":["create"],"before":null,"after":{"authorization_key":null,"connection_mode":"Default","custom_bgp_addresses":[],"dpd_timeout_seconds":null,"egress_nat_rule_ids":null,"express_route_circuit_id":null,"ingress_nat_rule_ids":null,"ipsec_policy":[],"local_azure_ip_address_enabled":null,"location":"centralindia","name":"vpn-connection","peer_virtual_network_gateway_id":null,"private_link_fast_path_enabled":false,"resource_group_name":"hub-rg","shared_key":"Azure@123","tags":null,"timeouts":null,"traffic_selector_policy":[],"type":"IPsec"},"after_unknown":{"connection_protocol":true,"custom_bgp_addresses":[],"enable_bgp":true,"express_route_gateway_bypass":true,"id":true,"ipsec_policy":[],"local_network_gateway_id":true,"routing_weight":true,"traffic_selector_policy":[],"use_policy_based_traffic_selectors":true,"virtual_network_gateway_id":true},"before_sensitive":false,"after_sensitive":{"authorization_key":true,"custom_bgp_addresses":[],"ipsec_policy":[],"shared_key":true,"traffic_selector_policy":[]}}},{"address":"module.workspace.azurerm_log_analytics_workspace.example[\"workspace1\"]","module_address":"module.workspace","mode":"managed","type":"azurerm_log_analytics_workspace","name":"example","index":"workspace1","provider_name":"registry.terraform.io/hashicorp/azurerm","change":{"actions":["create"],"before":null,"after":{"allow_resource_only_permissions":true,"cmk_for_query_forced":null,"daily_quota_gb":-1,"data_collection_rule_id":null,"identity":[],"immediate_data_purge_on_30_days_enabled":null,"internet_ingestion_enabled":true,"internet_query_enabled":true,"local_authentication_disabled":false,"location":"centralindia","name":"genomic-log-analytics","reservation_capacity_in_gb_per_day":null,"resource_group_name":"hub-rg","retention_in_days":30,"sku":"PerGB2018","tags":null,"timeouts":null},"after_unknown":{"id":true,"identity":[],"primary_shared_key":true,"secondary_shared_key":true,"workspace_id":true},"before_sensitive":false,"after_sensitive":{"identity":[],"primary_shared_key":true,"secondary_shared_key":true}}}],"configuration":{"provider_config":{"azurerm":{"name":"azurerm","full_name":"registry.terraform.io/hashicorp/azurerm","version_constraint":"4.33.0","expressions":{"features":[{}],"subscription_id":{"constant_value":"3be29ba2-b31c-4fbd-a7bb-c51bf50ef740"}}}},"root_module":{"module_calls":{"app_gateways":{"source":"../../Module/az_appgateway","expressions":{"appgws":{"references":["var.app_gateways"]}},"module":{"resources":[{"address":"azurerm_application_gateway.appgw","mode":"managed","type":"azurerm_application_gateway","name":"appgw","provider_config_key":"azurerm","expressions":{"backend_address_pool":[{"ip_addresses":{"references":["each.value.backend_ip_addresses","each.value"]},"name":{"references":["each.value.backend_pool_name","each.value"]}}],"backend_http_settings":[{"cookie_based_affinity":{"references":["each.value.backend_http_settingscookie_based_affinity","each.value"]},"name":{"references":["each.value.backend_http_setting_name","each.value"]},"port":{"references":["each.value.backend_http_settingsport","each.value"]},"protocol":{"references":["each.value.backend_http_settingsprotocol","each.value"]},"request_timeout":{"references":["each.value.backend_http_settingsrequest_timeout","each.value"]}}],"frontend_ip_configuration":[{"name":{"references":["each.value.frontend_ip_name","each.value"]},"public_ip_address_id":{"references":["data.azurerm_public_ip.pip","each.key"]}}],"frontend_port":[{"name":{"references":["each.value.frontend_portname","each.value"]},"port":{"references":["each.value.frontend_port","each.value"]}}],"gateway_ip_configuration":[{"name":{"references":["each.value.gateway_ip_config_name","each.value"]},"subnet_id":{"references":["data.azurerm_subnet.subnet","each.key"]}}],"http_listener":[{"frontend_ip_configuration_name":{"references":["each.value.http_listenerfrontend_ip_configuration_name","each.value"]},"frontend_port_name":{"references":["each.value.http_listenerfrontend_port_name","each.value"]},"name":{"references":["each.value.http_listenername","each.value"]},"protocol":{"references":["each.value.http_listenerprotocol","each.value"]}}],"location":{"references":["each.value.location","each.value"]},"name":{"references":["each.value.appgwname","each.value"]},"request_routing_rule":[{"backend_address_pool_name":{"references":["each.value.request_routing_rulebackend_address_pool_name","each.value"]},"backend_http_settings_name":{"references":["each.value.request_routing_rulebackend_http_settings_name","each.value"]},"http_listener_name":{"references":["each.value.request_routing_rulehttp_listener_name","each.value"]},"name":{"references":["each.value.request_routing_rulename","each.value"]},"priority":{"references":["each.value.request_routing_rulepriority","each.value"]},"rule_type":{"references":["each.value.request_routing_rulerule_type","each.value"]}}],"resource_group_name":{"references":["each.value.rgname","each.value"]},"sku":[{"capacity":{"references":["each.value.skucapacity","each.value"]},"name":{"references":["each.value.skuname","each.value"]},"tier":{"references":["each.value.skutier","each.value"]}}]},"schema_version":0,"for_each_expression":{"references":["var.appgws"]}},{"address":"data.azurerm_public_ip.pip","mode":"data","type":"azurerm_public_ip","name":"pip","provider_config_key":"azurerm","expressions":{"name":{"references":["each.value.pip_name","each.value"]},"resource_group_name":{"references":["each.value.rgname","each.value"]}},"schema_version":0,"for_each_expression":{"references":["var.appgws"]}},{"address":"data.azurerm_subnet.subnet","mode":"data","type":"azurerm_subnet","name":"subnet","provider_config_key":"azurerm","expressions":{"name":{"references":["each.value.subnet_name","each.value"]},"resource_group_name":{"references":["each.value.rgname","each.value"]},"virtual_network_name":{"references":["each.value.vnet_name","each.value"]}},"schema_version":0,"for_each_expression":{"references":["var.appgws"]}}],"variables":{"appgws":{}}},"depends_on":["module.rg","module.pips"]},"firewall":{"source":"../../Module/az_firewall","expressions":{"firewall":{"references":["var.firewall"]}},"module":{"resources":[{"address":"azurerm_firewall.firewall","mode":"managed","type":"azurerm_firewall","name":"firewall","provider_config_key":"azurerm","expressions":{"ip_configuration":[{"name":{"constant_value":"configuration"},"public_ip_address_id":{"references":["data.azurerm_public_ip.pip","each.key"]},"subnet_id":{"references":["data.azurerm_subnet.subnet","each.key"]}}],"location":{"references":["each.value.location","each.value"]},"name":{"references":["each.value.firewall_name","each.value"]},"resource_group_name":{"references":["each.value.rgname","each.value"]},"sku_name":{"constant_value":"AZFW_VNet"},"sku_tier":{"constant_value":"Standard"}},"schema_version":0,"for_each_expression":{"references":["var.firewall"]}},{"address":"data.azurerm_public_ip.pip","mode":"data","type":"azurerm_public_ip","name":"pip","provider_config_key":"azurerm","expressions":{"name":{"references":["each.value.public_ip_name","each.value"]},"resource_group_name":{"references":["each.value.rgname","each.value"]}},"schema_version":0,"for_each_expression":{"references":["var.firewall"]}},{"address":"data.azurerm_subnet.subnet","mode":"data","type":"azurerm_subnet","name":"subnet","provider_config_key":"azurerm","expressions":{"name":{"references":["each.value.subnet_name","each.value"]},"resource_group_name":{"references":["each.value.rgname","each.value"]},"virtual_network_name":{"references":["each.value.vnet_name","each.value"]}},"schema_version":0,"for_each_expression":{"references":["var.firewall"]}}],"variables":{"firewall":{}}},"depends_on":["module.rg","module.vnetsubnets","module.pips"]},"nsgs":{"source":"../../Module/az_nsg","expressions":{"nsg":{"references":["var.nsgs"]}},"module":{"resources":[{"address":"azurerm_network_security_group.example","mode":"managed","type":"azurerm_network_security_group","name":"example","provider_config_key":"azurerm","expressions":{"location":{"references":["each.value.nsglocation","each.value"]},"name":{"references":["each.value.nsgname","each.value"]},"resource_group_name":{"references":["each.value.rgname","each.value"]},"security_rule":{"constant_value":[{"access":"Allow","description":null,"destination_address_prefix":"*","destination_address_prefixes":null,"destination_application_security_group_ids":null,"destination_port_range":"*","destination_port_ranges":null,"direction":"Inbound","name":"test123","priority":100,"protocol":"Tcp","source_address_prefix":"*","source_address_prefixes":null,"source_application_security_group_ids":null,"source_port_range":"*","source_port_ranges":null}]}},"schema_version":0,"for_each_expression":{"references":["var.nsg"]}}],"variables":{"nsg":{}}},"depends_on":["module.rg"]},"pips":{"source":"../../Module/az_pip","expressions":{"common_tags":{"references":["var.common_tags"]},"pips":{"references":["var.pips"]}},"module":{"resources":[{"address":"azurerm_public_ip.pip","mode":"managed","type":"azurerm_public_ip","name":"pip","provider_config_key":"azurerm","expressions":{"allocation_method":{"constant_value":"Static"},"location":{"references":["each.value.piplocation","each.value"]},"name":{"references":["each.value.pipname","each.value"]},"resource_group_name":{"references":["each.value.rgname","each.value"]},"sku":{"constant_value":"Standard"},"tags":{"references":["var.common_tags"]}},"schema_version":0,"for_each_expression":{"references":["var.pips"]}}],"variables":{"common_tags":{},"pips":{}}},"depends_on":["module.rg"]},"rg":{"source":"../../Module/az_rg","expressions":{"common_tags":{"references":["var.common_tags"]},"rgs":{"references":["var.rgs"]}},"module":{"resources":[{"address":"azurerm_resource_group.name","mode":"managed","type":"azurerm_resource_group","name":"name","provider_config_key":"azurerm","expressions":{"location":{"references":["each.value.rglocation","each.value"]},"name":{"references":["each.value.rgname","each.value"]},"tags":{"references":["var.common_tags"]}},"schema_version":0,"for_each_expression":{"references":["var.rgs"]}}],"variables":{"common_tags":{},"rgs":{}}}},"vms":{"source":"../../Module/az_linuxvm\u0026nic","expressions":{"common_tags":{"references":["var.common_tags"]},"vms":{"references":["var.vms"]}},"module":{"resources":[{"address":"azurerm_network_interface.nic","mode":"managed","type":"azurerm_network_interface","name":"nic","provider_config_key":"azurerm","expressions":{"ip_configuration":[{"name":{"references":["each.value.ipconfig_name","each.value"]},"private_ip_address_allocation":{"constant_value":"Dynamic"},"subnet_id":{"references":["data.azurerm_subnet.subnet","each.key"]}}],"location":{"references":["each.value.vmlocation","each.value"]},"name":{"references":["each.value.nicname","each.value"]},"resource_group_name":{"references":["each.value.rgname","each.value"]},"tags":{"references":["var.common_tags"]}},"schema_version":0,"for_each_expression":{"references":["var.vms"]}},{"address":"azurerm_virtual_machine.vm","mode":"managed","type":"azurerm_virtual_machine","name":"vm","provider_config_key":"azurerm","expressions":{"delete_data_disks_on_termination":{"constant_value":true},"delete_os_disk_on_termination":{"constant_value":true},"location":{"references":["each.value.vmlocation","each.value"]},"name":{"references":["each.value.vmname","each.value"]},"network_interface_ids":{"references":["azurerm_network_interface.nic","each.key"]},"os_profile":[{"admin_password":{"references":["each.value.osprofile_adminpassword","each.value"]},"admin_username":{"references":["each.value.osprofile_adminusername","each.value"]},"computer_name":{"references":["each.value.osprofile_computername","each.value"]}}],"os_profile_linux_config":[{"disable_password_authentication":{"constant_value":false}}],"resource_group_name":{"references":["each.value.rgname","each.value"]},"storage_image_reference":[{"offer":{"references":["each.value.image_offer","each.value"]},"publisher":{"references":["each.value.image_publisher","each.value"]},"sku":{"references":["each.value.image_sku","each.value"]},"version":{"references":["each.value.image_version","each.value"]}}],"storage_os_disk":[{"caching":{"constant_value":"ReadWrite"},"create_option":{"constant_value":"FromImage"},"managed_disk_type":{"constant_value":"Standard_LRS"},"name":{"references":["each.value.osdisk_name","each.value"]}}],"vm_size":{"references":["each.value.vmsize","each.value"]}},"schema_version":0,"for_each_expression":{"references":["var.vms"]}},{"address":"data.azurerm_subnet.subnet","mode":"data","type":"azurerm_subnet","name":"subnet","provider_config_key":"azurerm","expressions":{"name":{"references":["each.value.subnet_name","each.value"]},"resource_group_name":{"references":["each.value.rgname","each.value"]},"virtual_network_name":{"references":["each.value.vnet_name","each.value"]}},"schema_version":0,"for_each_expression":{"references":["var.vms"]}}],"variables":{"common_tags":{},"vms":{}}},"depends_on":["module.rg","module.vnetsubnets"]},"vnetsubnets":{"source":"../../Module/az_vnetsubnet","expressions":{"common_tags":{"references":["var.common_tags"]},"vnets":{"references":["var.vnetsubnets"]}},"module":{"outputs":{"vnet_ids":{"expression":{"references":["azurerm_virtual_network.vnetsubnet"]}}},"resources":[{"address":"azurerm_virtual_network.vnetsubnet","mode":"managed","type":"azurerm_virtual_network","name":"vnetsubnet","provider_config_key":"azurerm","expressions":{"address_space":{"references":["each.value.address_space","each.value"]},"location":{"references":["each.value.vnetlocation","each.value"]},"name":{"references":["each.value.vnetname","each.value"]},"resource_group_name":{"references":["each.value.rgname","each.value"]},"tags":{"references":["var.common_tags"]}},"schema_version":0,"for_each_expression":{"references":["var.vnets"]}}],"variables":{"common_tags":{},"vnets":{}}},"depends_on":["module.rg"]},"vpn_gateway":{"source":"../../Module/az_vpn_gateway","expressions":{"vpns2s":{"references":["var.vpns2s"]}},"module":{"resources":[{"address":"azurerm_local_network_gateway.onpremise","mode":"managed","type":"azurerm_local_network_gateway","name":"onpremise","provider_config_key":"azurerm","expressions":{"address_space":{"constant_value":["192.168.1.0/24"]},"gateway_address":{"constant_value":"5.4.56.7"},"location":{"references":["each.value.location","each.value"]},"name":{"references":["each.value.local_network_name","each.value"]},"resource_group_name":{"references":["each.value.rgname","each.value"]}},"schema_version":0,"for_each_expression":{"references":["var.vpns2s"]}},{"address":"azurerm_virtual_network_gateway.vpn_gw","mode":"managed","type":"azurerm_virtual_network_gateway","name":"vpn_gw","provider_config_key":"azurerm","expressions":{"active_active":{"constant_value":false},"enable_bgp":{"constant_value":false},"ip_configuration":[{"private_ip_address_allocation":{"constant_value":"Dynamic"},"public_ip_address_id":{"references":["data.azurerm_public_ip.pip","each.key"]},"subnet_id":{"references":["data.azurerm_subnet.subnet","each.key"]}}],"location":{"references":["each.value.location","each.value"]},"name":{"references":["each.value.vpn_gw_name","each.value"]},"resource_group_name":{"references":["each.value.rgname","each.value"]},"sku":{"constant_value":"VpnGw1"},"type":{"constant_value":"Vpn"},"vpn_type":{"constant_value":"RouteBased"}},"schema_version":0,"for_each_expression":{"references":["var.vpns2s"]}},{"address":"azurerm_virtual_network_gateway_connection.onpremise","mode":"managed","type":"azurerm_virtual_network_gateway_connection","name":"onpremise","provider_config_key":"azurerm","expressions":{"local_network_gateway_id":{"references":["azurerm_local_network_gateway.onpremise","each.key"]},"location":{"references":["each.value.location","each.value"]},"name":{"references":["each.value.connection_name","each.value"]},"resource_group_name":{"references":["each.value.rgname","each.value"]},"shared_key":{"constant_value":"Azure@123"},"type":{"constant_value":"IPsec"},"virtual_network_gateway_id":{"references":["azurerm_virtual_network_gateway.vpn_gw","each.key"]}},"schema_version":0,"for_each_expression":{"references":["var.vpns2s"]}},{"address":"data.azurerm_public_ip.pip","mode":"data","type":"azurerm_public_ip","name":"pip","provider_config_key":"azurerm","expressions":{"name":{"references":["each.value.pip_name","each.value"]},"resource_group_name":{"references":["each.value.rgname","each.value"]}},"schema_version":0,"for_each_expression":{"references":["var.vpns2s"]}},{"address":"data.azurerm_subnet.subnet","mode":"data","type":"azurerm_subnet","name":"subnet","provider_config_key":"azurerm","expressions":{"name":{"references":["each.value.subnet_name","each.value"]},"resource_group_name":{"references":["each.value.rgname","each.value"]},"virtual_network_name":{"references":["each.value.vnet_name","each.value"]}},"schema_version":0,"for_each_expression":{"references":["var.vpns2s"]}}],"variables":{"vpns2s":{}}},"depends_on":["module.rg","module.vnetsubnets","module.pips"]},"workspace":{"source":"../../Module/az_log_analytc_wrkspace","expressions":{"workspace":{"references":["var.workspace"]}},"module":{"resources":[{"address":"azurerm_log_analytics_workspace.example","mode":"managed","type":"azurerm_log_analytics_workspace","name":"example","provider_config_key":"azurerm","expressions":{"location":{"references":["each.value.location","each.value"]},"name":{"references":["each.value.name","each.value"]},"resource_group_name":{"references":["each.value.rgname","each.value"]},"retention_in_days":{"constant_value":30},"sku":{"constant_value":"PerGB2018"}},"schema_version":3,"for_each_expression":{"references":["var.workspace"]}}],"variables":{"workspace":{}}},"depends_on":["module.rg"]}},"variables":{"acr":{},"app_gateways":{},"bastions":{},"common_tags":{"default":{"Environment":"dev","Owner":"DevTeam","Project":"MyProject"},"description":"Common tags to be applied to all resources"},"firewall":{},"ilbs":{},"kvs":{},"nsgs":{},"pips":{},"rgs":{},"sqls":{},"stgs":{},"vms":{},"vnetsubnets":{},"vpns2s":{},"workspace":{}}}},"relevant_attributes":[{"resource":"module.firewall.data.azurerm_public_ip.pip","attribute":[]},{"resource":"module.vpn_gateway.data.azurerm_public_ip.pip","attribute":[]},{"resource":"module.vpn_gateway.data.azurerm_subnet.subnet","attribute":[]},{"resource":"module.app_gateways.data.azurerm_subnet.subnet","attribute":[]},{"resource":"module.vpn_gateway.azurerm_local_network_gateway.onpremise","attribute":[]},{"resource":"module.vpn_gateway.azurerm_virtual_network_gateway.vpn_gw","attribute":[]},{"resource":"module.firewall.data.azurerm_subnet.subnet","attribute":[]},{"resource":"module.app_gateways.data.azurerm_public_ip.pip","attribute":[]},{"resource":"module.vms.data.azurerm_subnet.subnet","attribute":[]},{"resource":"module.vms.azurerm_network_interface.nic","attribute":[]},{"resource":"module.vnetsubnets.azurerm_virtual_network.vnetsubnet","attribute":[]}],"timestamp":"2025-08-24T21:15:29Z","applyable":true,"complete":true,"errored":false}
