{
  "version": 4,
  "terraform_version": "1.12.1",
  "serial": 52,
  "lineage": "72fefdf1-7ff1-3278-f174-27f0f9b36018",
  "outputs": {},
  "resources": [
    {
      "module": "module.app_gateways",
      "mode": "data",
      "type": "azurerm_public_ip",
      "name": "pip",
      "provider": "provider[\"registry.terraform.io/hashicorp/azurerm\"]",
      "instances": [
        {
          "index_key": "appgw1",
          "schema_version": 0,
          "attributes": {
            "allocation_method": "Static",
            "ddos_protection_mode": "VirtualNetworkInherited",
            "ddos_protection_plan_id": null,
            "domain_name_label": "",
            "fqdn": "",
            "id": "/subscriptions/3be29ba2-b31c-4fbd-a7bb-c51bf50ef740/resourceGroups/hub-rg/providers/Microsoft.Network/publicIPAddresses/pip-appgw",
            "idle_timeout_in_minutes": 4,
            "ip_address": "4.213.163.211",
            "ip_tags": {},
            "ip_version": "IPv4",
            "location": "centralindia",
            "name": "pip-appgw",
            "resource_group_name": "hub-rg",
            "reverse_fqdn": "",
            "sku": "Standard",
            "tags": {
              "Environment": "dev",
              "Owner": "DevTeam",
              "Project": "MyProject"
            },
            "timeouts": null,
            "zones": []
          },
          "sensitive_attributes": [],
          "identity_schema_version": 0
        }
      ]
    },
    {
      "module": "module.app_gateways",
      "mode": "data",
      "type": "azurerm_subnet",
      "name": "subnet",
      "provider": "provider[\"registry.terraform.io/hashicorp/azurerm\"]",
      "instances": [
        {
          "index_key": "appgw1",
          "schema_version": 0,
          "attributes": {
            "address_prefix": "10.0.4.0/24",
            "address_prefixes": [
              "10.0.4.0/24"
            ],
            "default_outbound_access_enabled": true,
            "id": "/subscriptions/3be29ba2-b31c-4fbd-a7bb-c51bf50ef740/resourceGroups/hub-rg/providers/Microsoft.Network/virtualNetworks/hub-vnet/subnets/AppGatewaySubnet",
            "name": "AppGatewaySubnet",
            "network_security_group_id": "",
            "private_endpoint_network_policies": "Disabled",
            "private_link_service_network_policies_enabled": true,
            "resource_group_name": "hub-rg",
            "route_table_id": "",
            "service_endpoints": [],
            "timeouts": null,
            "virtual_network_name": "hub-vnet"
          },
          "sensitive_attributes": [],
          "identity_schema_version": 0
        }
      ]
    },
    {
      "module": "module.app_gateways",
      "mode": "managed",
      "type": "azurerm_application_gateway",
      "name": "appgw",
      "provider": "provider[\"registry.terraform.io/hashicorp/azurerm\"]",
      "instances": [
        {
          "index_key": "appgw1",
          "schema_version": 0,
          "attributes": {
            "authentication_certificate": [],
            "autoscale_configuration": [],
            "backend_address_pool": [
              {
                "fqdns": [],
                "id": "/subscriptions/3be29ba2-b31c-4fbd-a7bb-c51bf50ef740/resourceGroups/hub-rg/providers/Microsoft.Network/applicationGateways/genomic-appgw/backendAddressPools/appGatewayBackendPool",
                "ip_addresses": [
                  "172.16.0.5",
                  "172.16.0.6"
                ],
                "name": "appGatewayBackendPool"
              }
            ],
            "backend_http_settings": [
              {
                "affinity_cookie_name": "",
                "authentication_certificate": [],
                "connection_draining": [],
                "cookie_based_affinity": "Disabled",
                "host_name": "",
                "id": "/subscriptions/3be29ba2-b31c-4fbd-a7bb-c51bf50ef740/resourceGroups/hub-rg/providers/Microsoft.Network/applicationGateways/genomic-appgw/backendHttpSettingsCollection/appGatewayBackendHttpSettings",
                "name": "appGatewayBackendHttpSettings",
                "path": "",
                "pick_host_name_from_backend_address": false,
                "port": 80,
                "probe_id": "",
                "probe_name": "",
                "protocol": "Http",
                "request_timeout": 20,
                "trusted_root_certificate_names": []
              }
            ],
            "custom_error_configuration": [],
            "enable_http2": false,
            "fips_enabled": false,
            "firewall_policy_id": "",
            "force_firewall_policy_association": false,
            "frontend_ip_configuration": [
              {
                "id": "/subscriptions/3be29ba2-b31c-4fbd-a7bb-c51bf50ef740/resourceGroups/hub-rg/providers/Microsoft.Network/applicationGateways/genomic-appgw/frontendIPConfigurations/appGatewayFrontendIP",
                "name": "appGatewayFrontendIP",
                "private_ip_address": "",
                "private_ip_address_allocation": "Dynamic",
                "private_link_configuration_id": "",
                "private_link_configuration_name": "",
                "public_ip_address_id": "/subscriptions/3be29ba2-b31c-4fbd-a7bb-c51bf50ef740/resourceGroups/hub-rg/providers/Microsoft.Network/publicIPAddresses/pip-appgw",
                "subnet_id": ""
              }
            ],
            "frontend_port": [
              {
                "id": "/subscriptions/3be29ba2-b31c-4fbd-a7bb-c51bf50ef740/resourceGroups/hub-rg/providers/Microsoft.Network/applicationGateways/genomic-appgw/frontendPorts/frontendPort",
                "name": "frontendPort",
                "port": 80
              }
            ],
            "gateway_ip_configuration": [
              {
                "id": "/subscriptions/3be29ba2-b31c-4fbd-a7bb-c51bf50ef740/resourceGroups/hub-rg/providers/Microsoft.Network/applicationGateways/genomic-appgw/gatewayIPConfigurations/appGatewayIpConfig",
                "name": "appGatewayIpConfig",
                "subnet_id": "/subscriptions/3be29ba2-b31c-4fbd-a7bb-c51bf50ef740/resourceGroups/hub-rg/providers/Microsoft.Network/virtualNetworks/hub-vnet/subnets/AppGatewaySubnet"
              }
            ],
            "global": [],
            "http_listener": [
              {
                "custom_error_configuration": [],
                "firewall_policy_id": "",
                "frontend_ip_configuration_id": "/subscriptions/3be29ba2-b31c-4fbd-a7bb-c51bf50ef740/resourceGroups/hub-rg/providers/Microsoft.Network/applicationGateways/genomic-appgw/frontendIPConfigurations/appGatewayFrontendIP",
                "frontend_ip_configuration_name": "appGatewayFrontendIP",
                "frontend_port_id": "/subscriptions/3be29ba2-b31c-4fbd-a7bb-c51bf50ef740/resourceGroups/hub-rg/providers/Microsoft.Network/applicationGateways/genomic-appgw/frontendPorts/frontendPort",
                "frontend_port_name": "frontendPort",
                "host_name": "",
                "host_names": [],
                "id": "/subscriptions/3be29ba2-b31c-4fbd-a7bb-c51bf50ef740/resourceGroups/hub-rg/providers/Microsoft.Network/applicationGateways/genomic-appgw/httpListeners/appGatewayHttpListener",
                "name": "appGatewayHttpListener",
                "protocol": "Http",
                "require_sni": false,
                "ssl_certificate_id": "",
                "ssl_certificate_name": "",
                "ssl_profile_id": "",
                "ssl_profile_name": ""
              }
            ],
            "id": "/subscriptions/3be29ba2-b31c-4fbd-a7bb-c51bf50ef740/resourceGroups/hub-rg/providers/Microsoft.Network/applicationGateways/genomic-appgw",
            "identity": [],
            "location": "centralindia",
            "name": "genomic-appgw",
            "private_endpoint_connection": [],
            "private_link_configuration": [],
            "probe": [],
            "redirect_configuration": [],
            "request_routing_rule": [
              {
                "backend_address_pool_id": "/subscriptions/3be29ba2-b31c-4fbd-a7bb-c51bf50ef740/resourceGroups/hub-rg/providers/Microsoft.Network/applicationGateways/genomic-appgw/backendAddressPools/appGatewayBackendPool",
                "backend_address_pool_name": "appGatewayBackendPool",
                "backend_http_settings_id": "/subscriptions/3be29ba2-b31c-4fbd-a7bb-c51bf50ef740/resourceGroups/hub-rg/providers/Microsoft.Network/applicationGateways/genomic-appgw/backendHttpSettingsCollection/appGatewayBackendHttpSettings",
                "backend_http_settings_name": "appGatewayBackendHttpSettings",
                "http_listener_id": "/subscriptions/3be29ba2-b31c-4fbd-a7bb-c51bf50ef740/resourceGroups/hub-rg/providers/Microsoft.Network/applicationGateways/genomic-appgw/httpListeners/appGatewayHttpListener",
                "http_listener_name": "appGatewayHttpListener",
                "id": "/subscriptions/3be29ba2-b31c-4fbd-a7bb-c51bf50ef740/resourceGroups/hub-rg/providers/Microsoft.Network/applicationGateways/genomic-appgw/requestRoutingRules/rule1",
                "name": "rule1",
                "priority": 100,
                "redirect_configuration_id": "",
                "redirect_configuration_name": "",
                "rewrite_rule_set_id": "",
                "rewrite_rule_set_name": "",
                "rule_type": "Basic",
                "url_path_map_id": "",
                "url_path_map_name": ""
              }
            ],
            "resource_group_name": "hub-rg",
            "rewrite_rule_set": [],
            "sku": [
              {
                "capacity": 2,
                "name": "Standard_v2",
                "tier": "Standard_v2"
              }
            ],
            "ssl_certificate": [],
            "ssl_policy": [
              {
                "cipher_suites": [],
                "disabled_protocols": [],
                "min_protocol_version": "",
                "policy_name": "AppGwSslPolicy20220101",
                "policy_type": "Predefined"
              }
            ],
            "ssl_profile": [],
            "tags": {},
            "timeouts": null,
            "trusted_client_certificate": [],
            "trusted_root_certificate": [],
            "url_path_map": [],
            "waf_configuration": [],
            "zones": []
          },
          "sensitive_attributes": [],
          "identity_schema_version": 0,
          "private": "eyJlMmJmYjczMC1lY2FhLTExZTYtOGY4OC0zNDM2M2JjN2M0YzAiOnsiY3JlYXRlIjo1NDAwMDAwMDAwMDAwLCJkZWxldGUiOjU0MDAwMDAwMDAwMDAsInJlYWQiOjMwMDAwMDAwMDAwMCwidXBkYXRlIjo1NDAwMDAwMDAwMDAwfX0=",
          "dependencies": [
            "module.app_gateways.data.azurerm_public_ip.pip",
            "module.app_gateways.data.azurerm_subnet.subnet",
            "module.pips.azurerm_public_ip.pip",
            "module.rg.azurerm_resource_group.name"
          ]
        }
      ]
    },
    {
      "module": "module.firewall",
      "mode": "data",
      "type": "azurerm_public_ip",
      "name": "pip",
      "provider": "provider[\"registry.terraform.io/hashicorp/azurerm\"]",
      "instances": [
        {
          "index_key": "firewall1",
          "schema_version": 0,
          "attributes": {
            "allocation_method": "Static",
            "ddos_protection_mode": "VirtualNetworkInherited",
            "ddos_protection_plan_id": null,
            "domain_name_label": "",
            "fqdn": "",
            "id": "/subscriptions/3be29ba2-b31c-4fbd-a7bb-c51bf50ef740/resourceGroups/hub-rg/providers/Microsoft.Network/publicIPAddresses/pip-firewall",
            "idle_timeout_in_minutes": 4,
            "ip_address": "135.235.154.243",
            "ip_tags": {},
            "ip_version": "IPv4",
            "location": "centralindia",
            "name": "pip-firewall",
            "resource_group_name": "hub-rg",
            "reverse_fqdn": "",
            "sku": "Standard",
            "tags": {
              "Environment": "dev",
              "Owner": "DevTeam",
              "Project": "MyProject"
            },
            "timeouts": null,
            "zones": []
          },
          "sensitive_attributes": [],
          "identity_schema_version": 0
        }
      ]
    },
    {
      "module": "module.firewall",
      "mode": "data",
      "type": "azurerm_subnet",
      "name": "subnet",
      "provider": "provider[\"registry.terraform.io/hashicorp/azurerm\"]",
      "instances": [
        {
          "index_key": "firewall1",
          "schema_version": 0,
          "attributes": {
            "address_prefix": "10.0.6.0/24",
            "address_prefixes": [
              "10.0.6.0/24"
            ],
            "default_outbound_access_enabled": true,
            "id": "/subscriptions/3be29ba2-b31c-4fbd-a7bb-c51bf50ef740/resourceGroups/hub-rg/providers/Microsoft.Network/virtualNetworks/hub-vnet/subnets/AzureFirewallSubnet",
            "name": "AzureFirewallSubnet",
            "network_security_group_id": "",
            "private_endpoint_network_policies": "Disabled",
            "private_link_service_network_policies_enabled": true,
            "resource_group_name": "hub-rg",
            "route_table_id": "",
            "service_endpoints": [],
            "timeouts": null,
            "virtual_network_name": "hub-vnet"
          },
          "sensitive_attributes": [],
          "identity_schema_version": 0
        }
      ]
    },
    {
      "module": "module.firewall",
      "mode": "managed",
      "type": "azurerm_firewall",
      "name": "firewall",
      "provider": "provider[\"registry.terraform.io/hashicorp/azurerm\"]",
      "instances": [
        {
          "index_key": "firewall1",
          "schema_version": 0,
          "attributes": {
            "dns_proxy_enabled": false,
            "dns_servers": [],
            "firewall_policy_id": "",
            "id": "/subscriptions/3be29ba2-b31c-4fbd-a7bb-c51bf50ef740/resourceGroups/hub-rg/providers/Microsoft.Network/azureFirewalls/testfirewall",
            "ip_configuration": [
              {
                "name": "configuration",
                "private_ip_address": "10.0.6.4",
                "public_ip_address_id": "/subscriptions/3be29ba2-b31c-4fbd-a7bb-c51bf50ef740/resourceGroups/hub-rg/providers/Microsoft.Network/publicIPAddresses/pip-firewall",
                "subnet_id": "/subscriptions/3be29ba2-b31c-4fbd-a7bb-c51bf50ef740/resourceGroups/hub-rg/providers/Microsoft.Network/virtualNetworks/hub-vnet/subnets/AzureFirewallSubnet"
              }
            ],
            "location": "centralindia",
            "management_ip_configuration": [],
            "name": "testfirewall",
            "private_ip_ranges": [],
            "resource_group_name": "hub-rg",
            "sku_name": "AZFW_VNet",
            "sku_tier": "Standard",
            "tags": {},
            "threat_intel_mode": "Alert",
            "timeouts": null,
            "virtual_hub": [],
            "zones": []
          },
          "sensitive_attributes": [],
          "identity_schema_version": 0,
          "private": "eyJlMmJmYjczMC1lY2FhLTExZTYtOGY4OC0zNDM2M2JjN2M0YzAiOnsiY3JlYXRlIjo1NDAwMDAwMDAwMDAwLCJkZWxldGUiOjU0MDAwMDAwMDAwMDAsInJlYWQiOjMwMDAwMDAwMDAwMCwidXBkYXRlIjo1NDAwMDAwMDAwMDAwfX0=",
          "dependencies": [
            "module.firewall.data.azurerm_public_ip.pip",
            "module.firewall.data.azurerm_subnet.subnet",
            "module.pips.azurerm_public_ip.pip",
            "module.rg.azurerm_resource_group.name",
            "module.vnetsubnets.azurerm_virtual_network.vnetsubnet"
          ]
        }
      ]
    },
    {
      "module": "module.nsgs",
      "mode": "managed",
      "type": "azurerm_network_security_group",
      "name": "example",
      "provider": "provider[\"registry.terraform.io/hashicorp/azurerm\"]",
      "instances": [
        {
          "index_key": "nsg1",
          "schema_version": 0,
          "attributes": {
            "id": "/subscriptions/3be29ba2-b31c-4fbd-a7bb-c51bf50ef740/resourceGroups/hub-rg/providers/Microsoft.Network/networkSecurityGroups/nsg-genomic-app",
            "location": "centralindia",
            "name": "nsg-genomic-app",
            "resource_group_name": "hub-rg",
            "security_rule": [
              {
                "access": "Allow",
                "description": "",
                "destination_address_prefix": "*",
                "destination_address_prefixes": [],
                "destination_application_security_group_ids": [],
                "destination_port_range": "*",
                "destination_port_ranges": [],
                "direction": "Inbound",
                "name": "test123",
                "priority": 100,
                "protocol": "Tcp",
                "source_address_prefix": "*",
                "source_address_prefixes": [],
                "source_application_security_group_ids": [],
                "source_port_range": "*",
                "source_port_ranges": []
              }
            ],
            "tags": {},
            "timeouts": null
          },
          "sensitive_attributes": [],
          "identity_schema_version": 0,
          "private": "eyJlMmJmYjczMC1lY2FhLTExZTYtOGY4OC0zNDM2M2JjN2M0YzAiOnsiY3JlYXRlIjoxODAwMDAwMDAwMDAwLCJkZWxldGUiOjE4MDAwMDAwMDAwMDAsInJlYWQiOjMwMDAwMDAwMDAwMCwidXBkYXRlIjoxODAwMDAwMDAwMDAwfX0=",
          "dependencies": [
            "module.rg.azurerm_resource_group.name"
          ]
        }
      ]
    },
    {
      "module": "module.pips",
      "mode": "managed",
      "type": "azurerm_public_ip",
      "name": "pip",
      "provider": "provider[\"registry.terraform.io/hashicorp/azurerm\"]",
      "instances": [
        {
          "index_key": "pip1",
          "schema_version": 0,
          "attributes": {
            "allocation_method": "Static",
            "ddos_protection_mode": "VirtualNetworkInherited",
            "ddos_protection_plan_id": null,
            "domain_name_label": null,
            "domain_name_label_scope": null,
            "edge_zone": "",
            "fqdn": null,
            "id": "/subscriptions/3be29ba2-b31c-4fbd-a7bb-c51bf50ef740/resourceGroups/hub-rg/providers/Microsoft.Network/publicIPAddresses/pip-appgw",
            "idle_timeout_in_minutes": 4,
            "ip_address": "4.213.163.211",
            "ip_tags": {},
            "ip_version": "IPv4",
            "location": "centralindia",
            "name": "pip-appgw",
            "public_ip_prefix_id": null,
            "resource_group_name": "hub-rg",
            "reverse_fqdn": null,
            "sku": "Standard",
            "sku_tier": "Regional",
            "tags": {
              "Environment": "dev",
              "Owner": "DevTeam",
              "Project": "MyProject"
            },
            "timeouts": null,
            "zones": []
          },
          "sensitive_attributes": [],
          "identity_schema_version": 0,
          "private": "eyJlMmJmYjczMC1lY2FhLTExZTYtOGY4OC0zNDM2M2JjN2M0YzAiOnsiY3JlYXRlIjoxODAwMDAwMDAwMDAwLCJkZWxldGUiOjE4MDAwMDAwMDAwMDAsInJlYWQiOjMwMDAwMDAwMDAwMCwidXBkYXRlIjoxODAwMDAwMDAwMDAwfX0=",
          "dependencies": [
            "module.rg.azurerm_resource_group.name"
          ]
        },
        {
          "index_key": "pip6",
          "schema_version": 0,
          "attributes": {
            "allocation_method": "Static",
            "ddos_protection_mode": "VirtualNetworkInherited",
            "ddos_protection_plan_id": null,
            "domain_name_label": null,
            "domain_name_label_scope": null,
            "edge_zone": "",
            "fqdn": null,
            "id": "/subscriptions/3be29ba2-b31c-4fbd-a7bb-c51bf50ef740/resourceGroups/hub-rg/providers/Microsoft.Network/publicIPAddresses/pip-vpn-gateway",
            "idle_timeout_in_minutes": 4,
            "ip_address": "4.247.162.38",
            "ip_tags": {},
            "ip_version": "IPv4",
            "location": "centralindia",
            "name": "pip-vpn-gateway",
            "public_ip_prefix_id": null,
            "resource_group_name": "hub-rg",
            "reverse_fqdn": null,
            "sku": "Standard",
            "sku_tier": "Regional",
            "tags": {
              "Environment": "dev",
              "Owner": "DevTeam",
              "Project": "MyProject"
            },
            "timeouts": null,
            "zones": []
          },
          "sensitive_attributes": [],
          "identity_schema_version": 0,
          "private": "eyJlMmJmYjczMC1lY2FhLTExZTYtOGY4OC0zNDM2M2JjN2M0YzAiOnsiY3JlYXRlIjoxODAwMDAwMDAwMDAwLCJkZWxldGUiOjE4MDAwMDAwMDAwMDAsInJlYWQiOjMwMDAwMDAwMDAwMCwidXBkYXRlIjoxODAwMDAwMDAwMDAwfX0=",
          "dependencies": [
            "module.rg.azurerm_resource_group.name"
          ]
        },
        {
          "index_key": "pip7",
          "schema_version": 0,
          "attributes": {
            "allocation_method": "Static",
            "ddos_protection_mode": "VirtualNetworkInherited",
            "ddos_protection_plan_id": null,
            "domain_name_label": null,
            "domain_name_label_scope": null,
            "edge_zone": "",
            "fqdn": null,
            "id": "/subscriptions/3be29ba2-b31c-4fbd-a7bb-c51bf50ef740/resourceGroups/hub-rg/providers/Microsoft.Network/publicIPAddresses/pip-firewall",
            "idle_timeout_in_minutes": 4,
            "ip_address": "135.235.154.243",
            "ip_tags": {},
            "ip_version": "IPv4",
            "location": "centralindia",
            "name": "pip-firewall",
            "public_ip_prefix_id": null,
            "resource_group_name": "hub-rg",
            "reverse_fqdn": null,
            "sku": "Standard",
            "sku_tier": "Regional",
            "tags": {
              "Environment": "dev",
              "Owner": "DevTeam",
              "Project": "MyProject"
            },
            "timeouts": null,
            "zones": []
          },
          "sensitive_attributes": [],
          "identity_schema_version": 0,
          "private": "eyJlMmJmYjczMC1lY2FhLTExZTYtOGY4OC0zNDM2M2JjN2M0YzAiOnsiY3JlYXRlIjoxODAwMDAwMDAwMDAwLCJkZWxldGUiOjE4MDAwMDAwMDAwMDAsInJlYWQiOjMwMDAwMDAwMDAwMCwidXBkYXRlIjoxODAwMDAwMDAwMDAwfX0=",
          "dependencies": [
            "module.rg.azurerm_resource_group.name"
          ]
        }
      ]
    },
    {
      "module": "module.rg",
      "mode": "managed",
      "type": "azurerm_resource_group",
      "name": "name",
      "provider": "provider[\"registry.terraform.io/hashicorp/azurerm\"]",
      "instances": [
        {
          "index_key": "rg1",
          "schema_version": 0,
          "attributes": {
            "id": "/subscriptions/3be29ba2-b31c-4fbd-a7bb-c51bf50ef740/resourceGroups/hub-rg",
            "location": "centralindia",
            "managed_by": "",
            "name": "hub-rg",
            "tags": {
              "Environment": "dev",
              "Owner": "DevTeam",
              "Project": "MyProject"
            },
            "timeouts": null
          },
          "sensitive_attributes": [],
          "identity_schema_version": 0,
          "private": "eyJlMmJmYjczMC1lY2FhLTExZTYtOGY4OC0zNDM2M2JjN2M0YzAiOnsiY3JlYXRlIjo1NDAwMDAwMDAwMDAwLCJkZWxldGUiOjU0MDAwMDAwMDAwMDAsInJlYWQiOjMwMDAwMDAwMDAwMCwidXBkYXRlIjo1NDAwMDAwMDAwMDAwfX0="
        },
        {
          "index_key": "rg2",
          "schema_version": 0,
          "attributes": {
            "id": "/subscriptions/3be29ba2-b31c-4fbd-a7bb-c51bf50ef740/resourceGroups/spoketodo-rg",
            "location": "eastus",
            "managed_by": "",
            "name": "spoketodo-rg",
            "tags": {
              "Environment": "dev",
              "Owner": "DevTeam",
              "Project": "MyProject"
            },
            "timeouts": null
          },
          "sensitive_attributes": [],
          "identity_schema_version": 0,
          "private": "eyJlMmJmYjczMC1lY2FhLTExZTYtOGY4OC0zNDM2M2JjN2M0YzAiOnsiY3JlYXRlIjo1NDAwMDAwMDAwMDAwLCJkZWxldGUiOjU0MDAwMDAwMDAwMDAsInJlYWQiOjMwMDAwMDAwMDAwMCwidXBkYXRlIjo1NDAwMDAwMDAwMDAwfX0="
        },
        {
          "index_key": "rg3",
          "schema_version": 0,
          "attributes": {
            "id": "/subscriptions/3be29ba2-b31c-4fbd-a7bb-c51bf50ef740/resourceGroups/spokeincedo-rg",
            "location": "westus",
            "managed_by": "",
            "name": "spokeincedo-rg",
            "tags": {
              "Environment": "dev",
              "Owner": "DevTeam",
              "Project": "MyProject"
            },
            "timeouts": null
          },
          "sensitive_attributes": [],
          "identity_schema_version": 0,
          "private": "eyJlMmJmYjczMC1lY2FhLTExZTYtOGY4OC0zNDM2M2JjN2M0YzAiOnsiY3JlYXRlIjo1NDAwMDAwMDAwMDAwLCJkZWxldGUiOjU0MDAwMDAwMDAwMDAsInJlYWQiOjMwMDAwMDAwMDAwMCwidXBkYXRlIjo1NDAwMDAwMDAwMDAwfX0="
        },
        {
          "index_key": "rg4",
          "schema_version": 0,
          "attributes": {
            "id": "/subscriptions/3be29ba2-b31c-4fbd-a7bb-c51bf50ef740/resourceGroups/onprem-rg",
            "location": "westeurope",
            "managed_by": "",
            "name": "onprem-rg",
            "tags": {
              "Environment": "dev",
              "Owner": "DevTeam",
              "Project": "MyProject"
            },
            "timeouts": null
          },
          "sensitive_attributes": [],
          "identity_schema_version": 0,
          "private": "eyJlMmJmYjczMC1lY2FhLTExZTYtOGY4OC0zNDM2M2JjN2M0YzAiOnsiY3JlYXRlIjo1NDAwMDAwMDAwMDAwLCJkZWxldGUiOjU0MDAwMDAwMDAwMDAsInJlYWQiOjMwMDAwMDAwMDAwMCwidXBkYXRlIjo1NDAwMDAwMDAwMDAwfX0="
        }
      ]
    },
    {
      "module": "module.vms",
      "mode": "data",
      "type": "azurerm_subnet",
      "name": "subnet",
      "provider": "provider[\"registry.terraform.io/hashicorp/azurerm\"]",
      "instances": [
        {
          "index_key": "vm1",
          "schema_version": 0,
          "attributes": {
            "address_prefix": "10.0.7.0/24",
            "address_prefixes": [
              "10.0.7.0/24"
            ],
            "default_outbound_access_enabled": true,
            "id": "/subscriptions/3be29ba2-b31c-4fbd-a7bb-c51bf50ef740/resourceGroups/hub-rg/providers/Microsoft.Network/virtualNetworks/hub-vnet/subnets/jumpserver-subnet",
            "name": "jumpserver-subnet",
            "network_security_group_id": "",
            "private_endpoint_network_policies": "Disabled",
            "private_link_service_network_policies_enabled": true,
            "resource_group_name": "hub-rg",
            "route_table_id": "",
            "service_endpoints": [],
            "timeouts": null,
            "virtual_network_name": "hub-vnet"
          },
          "sensitive_attributes": [],
          "identity_schema_version": 0
        },
        {
          "index_key": "vm2",
          "schema_version": 0,
          "attributes": {
            "address_prefix": "172.16.1.0/24",
            "address_prefixes": [
              "172.16.1.0/24"
            ],
            "default_outbound_access_enabled": true,
            "id": "/subscriptions/3be29ba2-b31c-4fbd-a7bb-c51bf50ef740/resourceGroups/spoketodo-rg/providers/Microsoft.Network/virtualNetworks/spoketodo-vnet/subnets/applicationtodo-subnet",
            "name": "applicationtodo-subnet",
            "network_security_group_id": "",
            "private_endpoint_network_policies": "Disabled",
            "private_link_service_network_policies_enabled": true,
            "resource_group_name": "spoketodo-rg",
            "route_table_id": "",
            "service_endpoints": [],
            "timeouts": null,
            "virtual_network_name": "spoketodo-vnet"
          },
          "sensitive_attributes": [],
          "identity_schema_version": 0
        },
        {
          "index_key": "vm3",
          "schema_version": 0,
          "attributes": {
            "address_prefix": "192.168.1.0/24",
            "address_prefixes": [
              "192.168.1.0/24"
            ],
            "default_outbound_access_enabled": true,
            "id": "/subscriptions/3be29ba2-b31c-4fbd-a7bb-c51bf50ef740/resourceGroups/spokeincedo-rg/providers/Microsoft.Network/virtualNetworks/spokeincedo-vnet/subnets/applicationincedo-subnet",
            "name": "applicationincedo-subnet",
            "network_security_group_id": "",
            "private_endpoint_network_policies": "Disabled",
            "private_link_service_network_policies_enabled": true,
            "resource_group_name": "spokeincedo-rg",
            "route_table_id": "",
            "service_endpoints": [],
            "timeouts": null,
            "virtual_network_name": "spokeincedo-vnet"
          },
          "sensitive_attributes": [],
          "identity_schema_version": 0
        },
        {
          "index_key": "vm4",
          "schema_version": 0,
          "attributes": {
            "address_prefix": "30.0.1.0/24",
            "address_prefixes": [
              "30.0.1.0/24"
            ],
            "default_outbound_access_enabled": true,
            "id": "/subscriptions/3be29ba2-b31c-4fbd-a7bb-c51bf50ef740/resourceGroups/onprem-rg/providers/Microsoft.Network/virtualNetworks/onprem-vnet/subnets/applicationonprem-subnet",
            "name": "applicationonprem-subnet",
            "network_security_group_id": "",
            "private_endpoint_network_policies": "Disabled",
            "private_link_service_network_policies_enabled": true,
            "resource_group_name": "onprem-rg",
            "route_table_id": "",
            "service_endpoints": [],
            "timeouts": null,
            "virtual_network_name": "onprem-vnet"
          },
          "sensitive_attributes": [],
          "identity_schema_version": 0
        }
      ]
    },
    {
      "module": "module.vms",
      "mode": "managed",
      "type": "azurerm_network_interface",
      "name": "nic",
      "provider": "provider[\"registry.terraform.io/hashicorp/azurerm\"]",
      "instances": [
        {
          "index_key": "vm1",
          "schema_version": 0,
          "attributes": {
            "accelerated_networking_enabled": false,
            "applied_dns_servers": [],
            "auxiliary_mode": "",
            "auxiliary_sku": "",
            "dns_servers": [],
            "edge_zone": "",
            "id": "/subscriptions/3be29ba2-b31c-4fbd-a7bb-c51bf50ef740/resourceGroups/hub-rg/providers/Microsoft.Network/networkInterfaces/nic-jumpvm",
            "internal_dns_name_label": "",
            "internal_domain_name_suffix": "ppbleep0s1iuvitizabuyylhlb.rx.internal.cloudapp.net",
            "ip_configuration": [
              {
                "gateway_load_balancer_frontend_ip_configuration_id": "",
                "name": "ipconfig1",
                "primary": true,
                "private_ip_address": "10.0.7.4",
                "private_ip_address_allocation": "Dynamic",
                "private_ip_address_version": "IPv4",
                "public_ip_address_id": "",
                "subnet_id": "/subscriptions/3be29ba2-b31c-4fbd-a7bb-c51bf50ef740/resourceGroups/hub-rg/providers/Microsoft.Network/virtualNetworks/hub-vnet/subnets/jumpserver-subnet"
              }
            ],
            "ip_forwarding_enabled": false,
            "location": "centralindia",
            "mac_address": "7C-1E-52-05-AA-8D",
            "name": "nic-jumpvm",
            "private_ip_address": "10.0.7.4",
            "private_ip_addresses": [
              "10.0.7.4"
            ],
            "resource_group_name": "hub-rg",
            "tags": {
              "Environment": "dev",
              "Owner": "DevTeam",
              "Project": "MyProject"
            },
            "timeouts": null,
            "virtual_machine_id": "/subscriptions/3be29ba2-b31c-4fbd-a7bb-c51bf50ef740/resourceGroups/hub-rg/providers/Microsoft.Compute/virtualMachines/jumpserver_vm"
          },
          "sensitive_attributes": [],
          "identity_schema_version": 0,
          "private": "eyJlMmJmYjczMC1lY2FhLTExZTYtOGY4OC0zNDM2M2JjN2M0YzAiOnsiY3JlYXRlIjoxODAwMDAwMDAwMDAwLCJkZWxldGUiOjE4MDAwMDAwMDAwMDAsInJlYWQiOjMwMDAwMDAwMDAwMCwidXBkYXRlIjoxODAwMDAwMDAwMDAwfX0=",
          "dependencies": [
            "module.rg.azurerm_resource_group.name",
            "module.vms.data.azurerm_subnet.subnet",
            "module.vnetsubnets.azurerm_virtual_network.vnetsubnet"
          ]
        },
        {
          "index_key": "vm2",
          "schema_version": 0,
          "attributes": {
            "accelerated_networking_enabled": false,
            "applied_dns_servers": [],
            "auxiliary_mode": "",
            "auxiliary_sku": "",
            "dns_servers": [],
            "edge_zone": "",
            "id": "/subscriptions/3be29ba2-b31c-4fbd-a7bb-c51bf50ef740/resourceGroups/spoketodo-rg/providers/Microsoft.Network/networkInterfaces/nic-todovm",
            "internal_dns_name_label": "",
            "internal_domain_name_suffix": "1yjm5nbnf0oe5lmyjcterl3c4g.bx.internal.cloudapp.net",
            "ip_configuration": [
              {
                "gateway_load_balancer_frontend_ip_configuration_id": "",
                "name": "ipconfig2",
                "primary": true,
                "private_ip_address": "172.16.1.4",
                "private_ip_address_allocation": "Dynamic",
                "private_ip_address_version": "IPv4",
                "public_ip_address_id": "",
                "subnet_id": "/subscriptions/3be29ba2-b31c-4fbd-a7bb-c51bf50ef740/resourceGroups/spoketodo-rg/providers/Microsoft.Network/virtualNetworks/spoketodo-vnet/subnets/applicationtodo-subnet"
              }
            ],
            "ip_forwarding_enabled": false,
            "location": "eastus",
            "mac_address": "00-0D-3A-1D-71-98",
            "name": "nic-todovm",
            "private_ip_address": "172.16.1.4",
            "private_ip_addresses": [
              "172.16.1.4"
            ],
            "resource_group_name": "spoketodo-rg",
            "tags": {
              "Environment": "dev",
              "Owner": "DevTeam",
              "Project": "MyProject"
            },
            "timeouts": null,
            "virtual_machine_id": "/subscriptions/3be29ba2-b31c-4fbd-a7bb-c51bf50ef740/resourceGroups/spoketodo-rg/providers/Microsoft.Compute/virtualMachines/todoapp_vm"
          },
          "sensitive_attributes": [],
          "identity_schema_version": 0,
          "private": "eyJlMmJmYjczMC1lY2FhLTExZTYtOGY4OC0zNDM2M2JjN2M0YzAiOnsiY3JlYXRlIjoxODAwMDAwMDAwMDAwLCJkZWxldGUiOjE4MDAwMDAwMDAwMDAsInJlYWQiOjMwMDAwMDAwMDAwMCwidXBkYXRlIjoxODAwMDAwMDAwMDAwfX0=",
          "dependencies": [
            "module.rg.azurerm_resource_group.name",
            "module.vms.data.azurerm_subnet.subnet",
            "module.vnetsubnets.azurerm_virtual_network.vnetsubnet"
          ]
        },
        {
          "index_key": "vm3",
          "schema_version": 0,
          "attributes": {
            "accelerated_networking_enabled": false,
            "applied_dns_servers": [],
            "auxiliary_mode": "",
            "auxiliary_sku": "",
            "dns_servers": [],
            "edge_zone": "",
            "id": "/subscriptions/3be29ba2-b31c-4fbd-a7bb-c51bf50ef740/resourceGroups/spokeincedo-rg/providers/Microsoft.Network/networkInterfaces/nic-incedo-vm",
            "internal_dns_name_label": "",
            "internal_domain_name_suffix": "ob0u0htpybxefdpykmdnc41bsc.dx.internal.cloudapp.net",
            "ip_configuration": [
              {
                "gateway_load_balancer_frontend_ip_configuration_id": "",
                "name": "ipconfig3",
                "primary": true,
                "private_ip_address": "192.168.1.4",
                "private_ip_address_allocation": "Dynamic",
                "private_ip_address_version": "IPv4",
                "public_ip_address_id": "",
                "subnet_id": "/subscriptions/3be29ba2-b31c-4fbd-a7bb-c51bf50ef740/resourceGroups/spokeincedo-rg/providers/Microsoft.Network/virtualNetworks/spokeincedo-vnet/subnets/applicationincedo-subnet"
              }
            ],
            "ip_forwarding_enabled": false,
            "location": "westus",
            "mac_address": "00-0D-3A-33-0A-F5",
            "name": "nic-incedo-vm",
            "private_ip_address": "192.168.1.4",
            "private_ip_addresses": [
              "192.168.1.4"
            ],
            "resource_group_name": "spokeincedo-rg",
            "tags": {
              "Environment": "dev",
              "Owner": "DevTeam",
              "Project": "MyProject"
            },
            "timeouts": null,
            "virtual_machine_id": "/subscriptions/3be29ba2-b31c-4fbd-a7bb-c51bf50ef740/resourceGroups/spokeincedo-rg/providers/Microsoft.Compute/virtualMachines/incedo-vm"
          },
          "sensitive_attributes": [],
          "identity_schema_version": 0,
          "private": "eyJlMmJmYjczMC1lY2FhLTExZTYtOGY4OC0zNDM2M2JjN2M0YzAiOnsiY3JlYXRlIjoxODAwMDAwMDAwMDAwLCJkZWxldGUiOjE4MDAwMDAwMDAwMDAsInJlYWQiOjMwMDAwMDAwMDAwMCwidXBkYXRlIjoxODAwMDAwMDAwMDAwfX0=",
          "dependencies": [
            "module.rg.azurerm_resource_group.name",
            "module.vms.data.azurerm_subnet.subnet",
            "module.vnetsubnets.azurerm_virtual_network.vnetsubnet"
          ]
        },
        {
          "index_key": "vm4",
          "schema_version": 0,
          "attributes": {
            "accelerated_networking_enabled": false,
            "applied_dns_servers": [],
            "auxiliary_mode": "",
            "auxiliary_sku": "",
            "dns_servers": [],
            "edge_zone": "",
            "id": "/subscriptions/3be29ba2-b31c-4fbd-a7bb-c51bf50ef740/resourceGroups/onprem-rg/providers/Microsoft.Network/networkInterfaces/nic-onprem-vm",
            "internal_dns_name_label": "",
            "internal_domain_name_suffix": "vf0cmoyaiuqetl03acxu4bkqrd.ax.internal.cloudapp.net",
            "ip_configuration": [
              {
                "gateway_load_balancer_frontend_ip_configuration_id": "",
                "name": "ipconfig4",
                "primary": true,
                "private_ip_address": "30.0.1.4",
                "private_ip_address_allocation": "Dynamic",
                "private_ip_address_version": "IPv4",
                "public_ip_address_id": "",
                "subnet_id": "/subscriptions/3be29ba2-b31c-4fbd-a7bb-c51bf50ef740/resourceGroups/onprem-rg/providers/Microsoft.Network/virtualNetworks/onprem-vnet/subnets/applicationonprem-subnet"
              }
            ],
            "ip_forwarding_enabled": false,
            "location": "westeurope",
            "mac_address": "60-45-BD-93-25-DD",
            "name": "nic-onprem-vm",
            "private_ip_address": "30.0.1.4",
            "private_ip_addresses": [
              "30.0.1.4"
            ],
            "resource_group_name": "onprem-rg",
            "tags": {
              "Environment": "dev",
              "Owner": "DevTeam",
              "Project": "MyProject"
            },
            "timeouts": null,
            "virtual_machine_id": "/subscriptions/3be29ba2-b31c-4fbd-a7bb-c51bf50ef740/resourceGroups/onprem-rg/providers/Microsoft.Compute/virtualMachines/onprem-vm"
          },
          "sensitive_attributes": [],
          "identity_schema_version": 0,
          "private": "eyJlMmJmYjczMC1lY2FhLTExZTYtOGY4OC0zNDM2M2JjN2M0YzAiOnsiY3JlYXRlIjoxODAwMDAwMDAwMDAwLCJkZWxldGUiOjE4MDAwMDAwMDAwMDAsInJlYWQiOjMwMDAwMDAwMDAwMCwidXBkYXRlIjoxODAwMDAwMDAwMDAwfX0=",
          "dependencies": [
            "module.rg.azurerm_resource_group.name",
            "module.vms.data.azurerm_subnet.subnet",
            "module.vnetsubnets.azurerm_virtual_network.vnetsubnet"
          ]
        }
      ]
    },
    {
      "module": "module.vms",
      "mode": "managed",
      "type": "azurerm_virtual_machine",
      "name": "vm",
      "provider": "provider[\"registry.terraform.io/hashicorp/azurerm\"]",
      "instances": [
        {
          "index_key": "vm1",
          "schema_version": 0,
          "attributes": {
            "additional_capabilities": [],
            "availability_set_id": null,
            "boot_diagnostics": [],
            "delete_data_disks_on_termination": true,
            "delete_os_disk_on_termination": true,
            "id": "/subscriptions/3be29ba2-b31c-4fbd-a7bb-c51bf50ef740/resourceGroups/hub-rg/providers/Microsoft.Compute/virtualMachines/jumpserver_vm",
            "identity": [],
            "license_type": null,
            "location": "centralindia",
            "name": "jumpserver_vm",
            "network_interface_ids": [
              "/subscriptions/3be29ba2-b31c-4fbd-a7bb-c51bf50ef740/resourceGroups/hub-rg/providers/Microsoft.Network/networkInterfaces/nic-jumpvm"
            ],
            "os_profile": [
              {
                "admin_password": "",
                "admin_username": "azureuser",
                "computer_name": "jumpvm1",
                "custom_data": ""
              }
            ],
            "os_profile_linux_config": [
              {
                "disable_password_authentication": false,
                "ssh_keys": []
              }
            ],
            "os_profile_secrets": [],
            "os_profile_windows_config": [],
            "plan": [],
            "primary_network_interface_id": null,
            "proximity_placement_group_id": null,
            "resource_group_name": "hub-rg",
            "storage_data_disk": [],
            "storage_image_reference": [
              {
                "id": "",
                "offer": "0001-com-ubuntu-server-jammy",
                "publisher": "Canonical",
                "sku": "22_04-lts-gen2",
                "version": "latest"
              }
            ],
            "storage_os_disk": [
              {
                "caching": "ReadWrite",
                "create_option": "FromImage",
                "disk_size_gb": 30,
                "image_uri": "",
                "managed_disk_id": "/subscriptions/3be29ba2-b31c-4fbd-a7bb-c51bf50ef740/resourceGroups/hub-rg/providers/Microsoft.Compute/disks/osdisk-devvm1",
                "managed_disk_type": "Standard_LRS",
                "name": "osdisk-devvm1",
                "os_type": "Linux",
                "vhd_uri": "",
                "write_accelerator_enabled": false
              }
            ],
            "tags": {},
            "timeouts": null,
            "vm_size": "Standard_B2s",
            "zones": []
          },
          "sensitive_attributes": [
            [
              {
                "type": "get_attr",
                "value": "os_profile"
              }
            ]
          ],
          "identity_schema_version": 0,
          "private": "eyJlMmJmYjczMC1lY2FhLTExZTYtOGY4OC0zNDM2M2JjN2M0YzAiOnsiY3JlYXRlIjozNjAwMDAwMDAwMDAwLCJkZWxldGUiOjM2MDAwMDAwMDAwMDAsInJlYWQiOjMwMDAwMDAwMDAwMCwidXBkYXRlIjozNjAwMDAwMDAwMDAwfX0=",
          "dependencies": [
            "module.rg.azurerm_resource_group.name",
            "module.vms.azurerm_network_interface.nic",
            "module.vms.data.azurerm_subnet.subnet",
            "module.vnetsubnets.azurerm_virtual_network.vnetsubnet"
          ]
        },
        {
          "index_key": "vm2",
          "schema_version": 0,
          "attributes": {
            "additional_capabilities": [],
            "availability_set_id": null,
            "boot_diagnostics": [],
            "delete_data_disks_on_termination": true,
            "delete_os_disk_on_termination": true,
            "id": "/subscriptions/3be29ba2-b31c-4fbd-a7bb-c51bf50ef740/resourceGroups/spoketodo-rg/providers/Microsoft.Compute/virtualMachines/todoapp_vm",
            "identity": [],
            "license_type": null,
            "location": "eastus",
            "name": "todoapp_vm",
            "network_interface_ids": [
              "/subscriptions/3be29ba2-b31c-4fbd-a7bb-c51bf50ef740/resourceGroups/spoketodo-rg/providers/Microsoft.Network/networkInterfaces/nic-todovm"
            ],
            "os_profile": [
              {
                "admin_password": "",
                "admin_username": "azureuser",
                "computer_name": "todovm",
                "custom_data": ""
              }
            ],
            "os_profile_linux_config": [
              {
                "disable_password_authentication": false,
                "ssh_keys": []
              }
            ],
            "os_profile_secrets": [],
            "os_profile_windows_config": [],
            "plan": [],
            "primary_network_interface_id": null,
            "proximity_placement_group_id": null,
            "resource_group_name": "spoketodo-rg",
            "storage_data_disk": [],
            "storage_image_reference": [
              {
                "id": "",
                "offer": "0001-com-ubuntu-server-jammy",
                "publisher": "Canonical",
                "sku": "22_04-lts-gen2",
                "version": "latest"
              }
            ],
            "storage_os_disk": [
              {
                "caching": "ReadWrite",
                "create_option": "FromImage",
                "disk_size_gb": 30,
                "image_uri": "",
                "managed_disk_id": "/subscriptions/3be29ba2-b31c-4fbd-a7bb-c51bf50ef740/resourceGroups/spoketodo-rg/providers/Microsoft.Compute/disks/osdisk-todovm1",
                "managed_disk_type": "Standard_LRS",
                "name": "osdisk-todovm1",
                "os_type": "Linux",
                "vhd_uri": "",
                "write_accelerator_enabled": false
              }
            ],
            "tags": {},
            "timeouts": null,
            "vm_size": "Standard_B2s",
            "zones": []
          },
          "sensitive_attributes": [
            [
              {
                "type": "get_attr",
                "value": "os_profile"
              }
            ]
          ],
          "identity_schema_version": 0,
          "private": "eyJlMmJmYjczMC1lY2FhLTExZTYtOGY4OC0zNDM2M2JjN2M0YzAiOnsiY3JlYXRlIjozNjAwMDAwMDAwMDAwLCJkZWxldGUiOjM2MDAwMDAwMDAwMDAsInJlYWQiOjMwMDAwMDAwMDAwMCwidXBkYXRlIjozNjAwMDAwMDAwMDAwfX0=",
          "dependencies": [
            "module.rg.azurerm_resource_group.name",
            "module.vms.azurerm_network_interface.nic",
            "module.vms.data.azurerm_subnet.subnet",
            "module.vnetsubnets.azurerm_virtual_network.vnetsubnet"
          ]
        },
        {
          "index_key": "vm3",
          "schema_version": 0,
          "attributes": {
            "additional_capabilities": [],
            "availability_set_id": null,
            "boot_diagnostics": [],
            "delete_data_disks_on_termination": true,
            "delete_os_disk_on_termination": true,
            "id": "/subscriptions/3be29ba2-b31c-4fbd-a7bb-c51bf50ef740/resourceGroups/spokeincedo-rg/providers/Microsoft.Compute/virtualMachines/incedo-vm",
            "identity": [],
            "license_type": null,
            "location": "westus",
            "name": "incedo-vm",
            "network_interface_ids": [
              "/subscriptions/3be29ba2-b31c-4fbd-a7bb-c51bf50ef740/resourceGroups/spokeincedo-rg/providers/Microsoft.Network/networkInterfaces/nic-incedo-vm"
            ],
            "os_profile": [
              {
                "admin_password": "",
                "admin_username": "azureuser",
                "computer_name": "incedo-vm",
                "custom_data": ""
              }
            ],
            "os_profile_linux_config": [
              {
                "disable_password_authentication": false,
                "ssh_keys": []
              }
            ],
            "os_profile_secrets": [],
            "os_profile_windows_config": [],
            "plan": [],
            "primary_network_interface_id": null,
            "proximity_placement_group_id": null,
            "resource_group_name": "spokeincedo-rg",
            "storage_data_disk": [],
            "storage_image_reference": [
              {
                "id": "",
                "offer": "0001-com-ubuntu-server-focal",
                "publisher": "Canonical",
                "sku": "20_04-lts",
                "version": "latest"
              }
            ],
            "storage_os_disk": [
              {
                "caching": "ReadWrite",
                "create_option": "FromImage",
                "disk_size_gb": 30,
                "image_uri": "",
                "managed_disk_id": "/subscriptions/3be29ba2-b31c-4fbd-a7bb-c51bf50ef740/resourceGroups/spokeincedo-rg/providers/Microsoft.Compute/disks/osdisk-incedo-vm",
                "managed_disk_type": "Standard_LRS",
                "name": "osdisk-incedo-vm",
                "os_type": "Linux",
                "vhd_uri": "",
                "write_accelerator_enabled": false
              }
            ],
            "tags": {},
            "timeouts": null,
            "vm_size": "Standard_B2s",
            "zones": []
          },
          "sensitive_attributes": [
            [
              {
                "type": "get_attr",
                "value": "os_profile"
              }
            ]
          ],
          "identity_schema_version": 0,
          "private": "eyJlMmJmYjczMC1lY2FhLTExZTYtOGY4OC0zNDM2M2JjN2M0YzAiOnsiY3JlYXRlIjozNjAwMDAwMDAwMDAwLCJkZWxldGUiOjM2MDAwMDAwMDAwMDAsInJlYWQiOjMwMDAwMDAwMDAwMCwidXBkYXRlIjozNjAwMDAwMDAwMDAwfX0=",
          "dependencies": [
            "module.rg.azurerm_resource_group.name",
            "module.vms.azurerm_network_interface.nic",
            "module.vms.data.azurerm_subnet.subnet",
            "module.vnetsubnets.azurerm_virtual_network.vnetsubnet"
          ]
        },
        {
          "index_key": "vm4",
          "schema_version": 0,
          "attributes": {
            "additional_capabilities": [],
            "availability_set_id": null,
            "boot_diagnostics": [],
            "delete_data_disks_on_termination": true,
            "delete_os_disk_on_termination": true,
            "id": "/subscriptions/3be29ba2-b31c-4fbd-a7bb-c51bf50ef740/resourceGroups/onprem-rg/providers/Microsoft.Compute/virtualMachines/onprem-vm",
            "identity": [],
            "license_type": null,
            "location": "westeurope",
            "name": "onprem-vm",
            "network_interface_ids": [
              "/subscriptions/3be29ba2-b31c-4fbd-a7bb-c51bf50ef740/resourceGroups/onprem-rg/providers/Microsoft.Network/networkInterfaces/nic-onprem-vm"
            ],
            "os_profile": [
              {
                "admin_password": "",
                "admin_username": "azureuser",
                "computer_name": "onprem-vm",
                "custom_data": ""
              }
            ],
            "os_profile_linux_config": [
              {
                "disable_password_authentication": false,
                "ssh_keys": []
              }
            ],
            "os_profile_secrets": [],
            "os_profile_windows_config": [],
            "plan": [],
            "primary_network_interface_id": null,
            "proximity_placement_group_id": null,
            "resource_group_name": "onprem-rg",
            "storage_data_disk": [],
            "storage_image_reference": [
              {
                "id": "",
                "offer": "0001-com-ubuntu-server-focal",
                "publisher": "Canonical",
                "sku": "20_04-lts",
                "version": "latest"
              }
            ],
            "storage_os_disk": [
              {
                "caching": "ReadWrite",
                "create_option": "FromImage",
                "disk_size_gb": 30,
                "image_uri": "",
                "managed_disk_id": "/subscriptions/3be29ba2-b31c-4fbd-a7bb-c51bf50ef740/resourceGroups/onprem-rg/providers/Microsoft.Compute/disks/osdisk-onprem-vm",
                "managed_disk_type": "Standard_LRS",
                "name": "osdisk-onprem-vm",
                "os_type": "Linux",
                "vhd_uri": "",
                "write_accelerator_enabled": false
              }
            ],
            "tags": {},
            "timeouts": null,
            "vm_size": "Standard_B2s",
            "zones": []
          },
          "sensitive_attributes": [
            [
              {
                "type": "get_attr",
                "value": "os_profile"
              }
            ]
          ],
          "identity_schema_version": 0,
          "private": "eyJlMmJmYjczMC1lY2FhLTExZTYtOGY4OC0zNDM2M2JjN2M0YzAiOnsiY3JlYXRlIjozNjAwMDAwMDAwMDAwLCJkZWxldGUiOjM2MDAwMDAwMDAwMDAsInJlYWQiOjMwMDAwMDAwMDAwMCwidXBkYXRlIjozNjAwMDAwMDAwMDAwfX0=",
          "dependencies": [
            "module.rg.azurerm_resource_group.name",
            "module.vms.azurerm_network_interface.nic",
            "module.vms.data.azurerm_subnet.subnet",
            "module.vnetsubnets.azurerm_virtual_network.vnetsubnet"
          ]
        }
      ]
    },
    {
      "module": "module.vnetsubnets",
      "mode": "managed",
      "type": "azurerm_virtual_network",
      "name": "vnetsubnet",
      "provider": "provider[\"registry.terraform.io/hashicorp/azurerm\"]",
      "instances": [
        {
          "index_key": "vnet1",
          "schema_version": 0,
          "attributes": {
            "address_space": [
              "10.0.0.0/16"
            ],
            "bgp_community": "",
            "ddos_protection_plan": [],
            "dns_servers": [],
            "edge_zone": "",
            "encryption": [],
            "flow_timeout_in_minutes": 0,
            "guid": "11b2c27b-96fa-4ad1-a268-c8034c616759",
            "id": "/subscriptions/3be29ba2-b31c-4fbd-a7bb-c51bf50ef740/resourceGroups/hub-rg/providers/Microsoft.Network/virtualNetworks/hub-vnet",
            "ip_address_pool": [],
            "location": "centralindia",
            "name": "hub-vnet",
            "private_endpoint_vnet_policies": "Disabled",
            "resource_group_name": "hub-rg",
            "subnet": [
              {
                "address_prefixes": [
                  "10.0.3.0/24"
                ],
                "default_outbound_access_enabled": true,
                "delegation": [],
                "id": "/subscriptions/3be29ba2-b31c-4fbd-a7bb-c51bf50ef740/resourceGroups/hub-rg/providers/Microsoft.Network/virtualNetworks/hub-vnet/subnets/AzureBastionSubnet",
                "name": "AzureBastionSubnet",
                "private_endpoint_network_policies": "Disabled",
                "private_link_service_network_policies_enabled": true,
                "route_table_id": "",
                "security_group": "",
                "service_endpoint_policy_ids": [],
                "service_endpoints": []
              },
              {
                "address_prefixes": [
                  "10.0.4.0/24"
                ],
                "default_outbound_access_enabled": true,
                "delegation": [],
                "id": "/subscriptions/3be29ba2-b31c-4fbd-a7bb-c51bf50ef740/resourceGroups/hub-rg/providers/Microsoft.Network/virtualNetworks/hub-vnet/subnets/AppGatewaySubnet",
                "name": "AppGatewaySubnet",
                "private_endpoint_network_policies": "Disabled",
                "private_link_service_network_policies_enabled": true,
                "route_table_id": "",
                "security_group": "",
                "service_endpoint_policy_ids": [],
                "service_endpoints": []
              },
              {
                "address_prefixes": [
                  "10.0.5.0/24"
                ],
                "default_outbound_access_enabled": true,
                "delegation": [],
                "id": "/subscriptions/3be29ba2-b31c-4fbd-a7bb-c51bf50ef740/resourceGroups/hub-rg/providers/Microsoft.Network/virtualNetworks/hub-vnet/subnets/GatewaySubnet",
                "name": "GatewaySubnet",
                "private_endpoint_network_policies": "Disabled",
                "private_link_service_network_policies_enabled": true,
                "route_table_id": "",
                "security_group": "",
                "service_endpoint_policy_ids": [],
                "service_endpoints": []
              },
              {
                "address_prefixes": [
                  "10.0.6.0/24"
                ],
                "default_outbound_access_enabled": true,
                "delegation": [],
                "id": "/subscriptions/3be29ba2-b31c-4fbd-a7bb-c51bf50ef740/resourceGroups/hub-rg/providers/Microsoft.Network/virtualNetworks/hub-vnet/subnets/AzureFirewallSubnet",
                "name": "AzureFirewallSubnet",
                "private_endpoint_network_policies": "Disabled",
                "private_link_service_network_policies_enabled": true,
                "route_table_id": "",
                "security_group": "",
                "service_endpoint_policy_ids": [],
                "service_endpoints": []
              },
              {
                "address_prefixes": [
                  "10.0.7.0/24"
                ],
                "default_outbound_access_enabled": true,
                "delegation": [],
                "id": "/subscriptions/3be29ba2-b31c-4fbd-a7bb-c51bf50ef740/resourceGroups/hub-rg/providers/Microsoft.Network/virtualNetworks/hub-vnet/subnets/jumpserver-subnet",
                "name": "jumpserver-subnet",
                "private_endpoint_network_policies": "Disabled",
                "private_link_service_network_policies_enabled": true,
                "route_table_id": "",
                "security_group": "",
                "service_endpoint_policy_ids": [],
                "service_endpoints": []
              }
            ],
            "tags": {
              "Environment": "dev",
              "Owner": "DevTeam",
              "Project": "MyProject"
            },
            "timeouts": null
          },
          "sensitive_attributes": [],
          "identity_schema_version": 0,
          "private": "eyJlMmJmYjczMC1lY2FhLTExZTYtOGY4OC0zNDM2M2JjN2M0YzAiOnsiY3JlYXRlIjoxODAwMDAwMDAwMDAwLCJkZWxldGUiOjE4MDAwMDAwMDAwMDAsInJlYWQiOjMwMDAwMDAwMDAwMCwidXBkYXRlIjoxODAwMDAwMDAwMDAwfX0=",
          "dependencies": [
            "module.rg.azurerm_resource_group.name"
          ]
        },
        {
          "index_key": "vnet2",
          "schema_version": 0,
          "attributes": {
            "address_space": [
              "172.16.0.0/16"
            ],
            "bgp_community": "",
            "ddos_protection_plan": [],
            "dns_servers": [],
            "edge_zone": "",
            "encryption": [],
            "flow_timeout_in_minutes": 0,
            "guid": "b4cf12de-2e2d-4f9c-ad98-48a648afa2f6",
            "id": "/subscriptions/3be29ba2-b31c-4fbd-a7bb-c51bf50ef740/resourceGroups/spoketodo-rg/providers/Microsoft.Network/virtualNetworks/spoketodo-vnet",
            "ip_address_pool": [],
            "location": "eastus",
            "name": "spoketodo-vnet",
            "private_endpoint_vnet_policies": "Disabled",
            "resource_group_name": "spoketodo-rg",
            "subnet": [
              {
                "address_prefixes": [
                  "172.16.1.0/24"
                ],
                "default_outbound_access_enabled": true,
                "delegation": [],
                "id": "/subscriptions/3be29ba2-b31c-4fbd-a7bb-c51bf50ef740/resourceGroups/spoketodo-rg/providers/Microsoft.Network/virtualNetworks/spoketodo-vnet/subnets/applicationtodo-subnet",
                "name": "applicationtodo-subnet",
                "private_endpoint_network_policies": "Disabled",
                "private_link_service_network_policies_enabled": true,
                "route_table_id": "",
                "security_group": "",
                "service_endpoint_policy_ids": [],
                "service_endpoints": []
              }
            ],
            "tags": {
              "Environment": "dev",
              "Owner": "DevTeam",
              "Project": "MyProject"
            },
            "timeouts": null
          },
          "sensitive_attributes": [],
          "identity_schema_version": 0,
          "private": "eyJlMmJmYjczMC1lY2FhLTExZTYtOGY4OC0zNDM2M2JjN2M0YzAiOnsiY3JlYXRlIjoxODAwMDAwMDAwMDAwLCJkZWxldGUiOjE4MDAwMDAwMDAwMDAsInJlYWQiOjMwMDAwMDAwMDAwMCwidXBkYXRlIjoxODAwMDAwMDAwMDAwfX0=",
          "dependencies": [
            "module.rg.azurerm_resource_group.name"
          ]
        },
        {
          "index_key": "vnet3",
          "schema_version": 0,
          "attributes": {
            "address_space": [
              "192.168.0.0/16"
            ],
            "bgp_community": "",
            "ddos_protection_plan": [],
            "dns_servers": [],
            "edge_zone": "",
            "encryption": [],
            "flow_timeout_in_minutes": 0,
            "guid": "1e4d7570-c06f-426e-8df8-5306d17b6192",
            "id": "/subscriptions/3be29ba2-b31c-4fbd-a7bb-c51bf50ef740/resourceGroups/spokeincedo-rg/providers/Microsoft.Network/virtualNetworks/spokeincedo-vnet",
            "ip_address_pool": [],
            "location": "westus",
            "name": "spokeincedo-vnet",
            "private_endpoint_vnet_policies": "Disabled",
            "resource_group_name": "spokeincedo-rg",
            "subnet": [
              {
                "address_prefixes": [
                  "192.168.1.0/24"
                ],
                "default_outbound_access_enabled": true,
                "delegation": [],
                "id": "/subscriptions/3be29ba2-b31c-4fbd-a7bb-c51bf50ef740/resourceGroups/spokeincedo-rg/providers/Microsoft.Network/virtualNetworks/spokeincedo-vnet/subnets/applicationincedo-subnet",
                "name": "applicationincedo-subnet",
                "private_endpoint_network_policies": "Disabled",
                "private_link_service_network_policies_enabled": true,
                "route_table_id": "",
                "security_group": "",
                "service_endpoint_policy_ids": [],
                "service_endpoints": []
              }
            ],
            "tags": {
              "Environment": "dev",
              "Owner": "DevTeam",
              "Project": "MyProject"
            },
            "timeouts": null
          },
          "sensitive_attributes": [],
          "identity_schema_version": 0,
          "private": "eyJlMmJmYjczMC1lY2FhLTExZTYtOGY4OC0zNDM2M2JjN2M0YzAiOnsiY3JlYXRlIjoxODAwMDAwMDAwMDAwLCJkZWxldGUiOjE4MDAwMDAwMDAwMDAsInJlYWQiOjMwMDAwMDAwMDAwMCwidXBkYXRlIjoxODAwMDAwMDAwMDAwfX0=",
          "dependencies": [
            "module.rg.azurerm_resource_group.name"
          ]
        },
        {
          "index_key": "vnet4",
          "schema_version": 0,
          "attributes": {
            "address_space": [
              "30.0.0.0/16"
            ],
            "bgp_community": "",
            "ddos_protection_plan": [],
            "dns_servers": [],
            "edge_zone": "",
            "encryption": [],
            "flow_timeout_in_minutes": 0,
            "guid": "3b2674a9-4500-4920-af5d-00af4f05508b",
            "id": "/subscriptions/3be29ba2-b31c-4fbd-a7bb-c51bf50ef740/resourceGroups/onprem-rg/providers/Microsoft.Network/virtualNetworks/onprem-vnet",
            "ip_address_pool": [],
            "location": "westeurope",
            "name": "onprem-vnet",
            "private_endpoint_vnet_policies": "Disabled",
            "resource_group_name": "onprem-rg",
            "subnet": [
              {
                "address_prefixes": [
                  "30.0.1.0/24"
                ],
                "default_outbound_access_enabled": true,
                "delegation": [],
                "id": "/subscriptions/3be29ba2-b31c-4fbd-a7bb-c51bf50ef740/resourceGroups/onprem-rg/providers/Microsoft.Network/virtualNetworks/onprem-vnet/subnets/applicationonprem-subnet",
                "name": "applicationonprem-subnet",
                "private_endpoint_network_policies": "Disabled",
                "private_link_service_network_policies_enabled": true,
                "route_table_id": "",
                "security_group": "",
                "service_endpoint_policy_ids": [],
                "service_endpoints": []
              }
            ],
            "tags": {
              "Environment": "dev",
              "Owner": "DevTeam",
              "Project": "MyProject"
            },
            "timeouts": null
          },
          "sensitive_attributes": [],
          "identity_schema_version": 0,
          "private": "eyJlMmJmYjczMC1lY2FhLTExZTYtOGY4OC0zNDM2M2JjN2M0YzAiOnsiY3JlYXRlIjoxODAwMDAwMDAwMDAwLCJkZWxldGUiOjE4MDAwMDAwMDAwMDAsInJlYWQiOjMwMDAwMDAwMDAwMCwidXBkYXRlIjoxODAwMDAwMDAwMDAwfX0=",
          "dependencies": [
            "module.rg.azurerm_resource_group.name"
          ]
        }
      ]
    },
    {
      "module": "module.vpn_gateway",
      "mode": "data",
      "type": "azurerm_public_ip",
      "name": "pip",
      "provider": "provider[\"registry.terraform.io/hashicorp/azurerm\"]",
      "instances": [
        {
          "index_key": "vpn1",
          "schema_version": 0,
          "attributes": {
            "allocation_method": "Static",
            "ddos_protection_mode": "VirtualNetworkInherited",
            "ddos_protection_plan_id": null,
            "domain_name_label": "",
            "fqdn": "",
            "id": "/subscriptions/3be29ba2-b31c-4fbd-a7bb-c51bf50ef740/resourceGroups/hub-rg/providers/Microsoft.Network/publicIPAddresses/pip-vpn-gateway",
            "idle_timeout_in_minutes": 4,
            "ip_address": "4.247.162.38",
            "ip_tags": {},
            "ip_version": "IPv4",
            "location": "centralindia",
            "name": "pip-vpn-gateway",
            "resource_group_name": "hub-rg",
            "reverse_fqdn": "",
            "sku": "Standard",
            "tags": {
              "Environment": "dev",
              "Owner": "DevTeam",
              "Project": "MyProject"
            },
            "timeouts": null,
            "zones": []
          },
          "sensitive_attributes": [],
          "identity_schema_version": 0
        }
      ]
    },
    {
      "module": "module.vpn_gateway",
      "mode": "data",
      "type": "azurerm_subnet",
      "name": "subnet",
      "provider": "provider[\"registry.terraform.io/hashicorp/azurerm\"]",
      "instances": [
        {
          "index_key": "vpn1",
          "schema_version": 0,
          "attributes": {
            "address_prefix": "10.0.5.0/24",
            "address_prefixes": [
              "10.0.5.0/24"
            ],
            "default_outbound_access_enabled": true,
            "id": "/subscriptions/3be29ba2-b31c-4fbd-a7bb-c51bf50ef740/resourceGroups/hub-rg/providers/Microsoft.Network/virtualNetworks/hub-vnet/subnets/GatewaySubnet",
            "name": "GatewaySubnet",
            "network_security_group_id": "",
            "private_endpoint_network_policies": "Disabled",
            "private_link_service_network_policies_enabled": true,
            "resource_group_name": "hub-rg",
            "route_table_id": "",
            "service_endpoints": [],
            "timeouts": null,
            "virtual_network_name": "hub-vnet"
          },
          "sensitive_attributes": [],
          "identity_schema_version": 0
        }
      ]
    },
    {
      "module": "module.vpn_gateway",
      "mode": "managed",
      "type": "azurerm_local_network_gateway",
      "name": "onpremise",
      "provider": "provider[\"registry.terraform.io/hashicorp/azurerm\"]",
      "instances": [
        {
          "index_key": "vpn1",
          "schema_version": 0,
          "attributes": {
            "address_space": [
              "192.168.1.0/24"
            ],
            "bgp_settings": [],
            "gateway_address": "5.4.56.7",
            "gateway_fqdn": "",
            "id": "/subscriptions/3be29ba2-b31c-4fbd-a7bb-c51bf50ef740/resourceGroups/hub-rg/providers/Microsoft.Network/localNetworkGateways/onpremise",
            "location": "centralindia",
            "name": "onpremise",
            "resource_group_name": "hub-rg",
            "tags": {},
            "timeouts": null
          },
          "sensitive_attributes": [],
          "identity_schema_version": 0,
          "private": "eyJlMmJmYjczMC1lY2FhLTExZTYtOGY4OC0zNDM2M2JjN2M0YzAiOnsiY3JlYXRlIjoxODAwMDAwMDAwMDAwLCJkZWxldGUiOjE4MDAwMDAwMDAwMDAsInJlYWQiOjMwMDAwMDAwMDAwMCwidXBkYXRlIjoxODAwMDAwMDAwMDAwfX0=",
          "dependencies": [
            "module.pips.azurerm_public_ip.pip",
            "module.rg.azurerm_resource_group.name",
            "module.vnetsubnets.azurerm_virtual_network.vnetsubnet"
          ]
        }
      ]
    },
    {
      "module": "module.vpn_gateway",
      "mode": "managed",
      "type": "azurerm_virtual_network_gateway",
      "name": "vpn_gw",
      "provider": "provider[\"registry.terraform.io/hashicorp/azurerm\"]",
      "instances": [
        {
          "index_key": "vpn1",
          "schema_version": 0,
          "attributes": {
            "active_active": false,
            "bgp_route_translation_for_nat_enabled": false,
            "bgp_settings": [
              {
                "asn": 65515,
                "peer_weight": 0,
                "peering_addresses": [
                  {
                    "apipa_addresses": [],
                    "default_addresses": [
                      "10.0.5.254"
                    ],
                    "ip_configuration_name": "vnetGatewayConfig",
                    "tunnel_ip_addresses": [
                      "4.247.162.38"
                    ]
                  }
                ]
              }
            ],
            "custom_route": [],
            "default_local_network_gateway_id": null,
            "dns_forwarding_enabled": false,
            "edge_zone": "",
            "enable_bgp": false,
            "generation": "Generation1",
            "id": "/subscriptions/3be29ba2-b31c-4fbd-a7bb-c51bf50ef740/resourceGroups/hub-rg/providers/Microsoft.Network/virtualNetworkGateways/hub-vpn-gateway",
            "ip_configuration": [
              {
                "name": "vnetGatewayConfig",
                "private_ip_address_allocation": "Dynamic",
                "public_ip_address_id": "/subscriptions/3be29ba2-b31c-4fbd-a7bb-c51bf50ef740/resourceGroups/hub-rg/providers/Microsoft.Network/publicIPAddresses/pip-vpn-gateway",
                "subnet_id": "/subscriptions/3be29ba2-b31c-4fbd-a7bb-c51bf50ef740/resourceGroups/hub-rg/providers/Microsoft.Network/virtualNetworks/hub-vnet/subnets/GatewaySubnet"
              }
            ],
            "ip_sec_replay_protection_enabled": true,
            "location": "centralindia",
            "name": "hub-vpn-gateway",
            "policy_group": [],
            "private_ip_address_enabled": false,
            "remote_vnet_traffic_enabled": false,
            "resource_group_name": "hub-rg",
            "sku": "VpnGw1",
            "tags": null,
            "timeouts": null,
            "type": "Vpn",
            "virtual_wan_traffic_enabled": false,
            "vpn_client_configuration": [],
            "vpn_type": "RouteBased"
          },
          "sensitive_attributes": [],
          "identity_schema_version": 0,
          "private": "eyJlMmJmYjczMC1lY2FhLTExZTYtOGY4OC0zNDM2M2JjN2M0YzAiOnsiY3JlYXRlIjo1NDAwMDAwMDAwMDAwLCJkZWxldGUiOjM2MDAwMDAwMDAwMDAsInJlYWQiOjMwMDAwMDAwMDAwMCwidXBkYXRlIjozNjAwMDAwMDAwMDAwfX0=",
          "dependencies": [
            "module.pips.azurerm_public_ip.pip",
            "module.rg.azurerm_resource_group.name",
            "module.vnetsubnets.azurerm_virtual_network.vnetsubnet",
            "module.vpn_gateway.data.azurerm_public_ip.pip",
            "module.vpn_gateway.data.azurerm_subnet.subnet"
          ]
        }
      ]
    },
    {
      "module": "module.vpn_gateway",
      "mode": "managed",
      "type": "azurerm_virtual_network_gateway_connection",
      "name": "onpremise",
      "provider": "provider[\"registry.terraform.io/hashicorp/azurerm\"]",
      "instances": [
        {
          "index_key": "vpn1",
          "schema_version": 0,
          "attributes": {
            "authorization_key": "",
            "connection_mode": "Default",
            "connection_protocol": "IKEv2",
            "custom_bgp_addresses": [],
            "dpd_timeout_seconds": 0,
            "egress_nat_rule_ids": null,
            "enable_bgp": false,
            "express_route_circuit_id": null,
            "express_route_gateway_bypass": false,
            "id": "/subscriptions/3be29ba2-b31c-4fbd-a7bb-c51bf50ef740/resourceGroups/hub-rg/providers/Microsoft.Network/connections/vpn-connection",
            "ingress_nat_rule_ids": null,
            "ipsec_policy": [],
            "local_azure_ip_address_enabled": false,
            "local_network_gateway_id": "/subscriptions/3be29ba2-b31c-4fbd-a7bb-c51bf50ef740/resourceGroups/hub-rg/providers/Microsoft.Network/localNetworkGateways/onpremise",
            "location": "centralindia",
            "name": "vpn-connection",
            "peer_virtual_network_gateway_id": null,
            "private_link_fast_path_enabled": false,
            "resource_group_name": "hub-rg",
            "routing_weight": 0,
            "shared_key": "Azure@123",
            "tags": null,
            "timeouts": null,
            "traffic_selector_policy": [],
            "type": "IPsec",
            "use_policy_based_traffic_selectors": false,
            "virtual_network_gateway_id": "/subscriptions/3be29ba2-b31c-4fbd-a7bb-c51bf50ef740/resourceGroups/hub-rg/providers/Microsoft.Network/virtualNetworkGateways/hub-vpn-gateway"
          },
          "sensitive_attributes": [
            [
              {
                "type": "get_attr",
                "value": "authorization_key"
              }
            ],
            [
              {
                "type": "get_attr",
                "value": "shared_key"
              }
            ]
          ],
          "identity_schema_version": 0,
          "private": "eyJlMmJmYjczMC1lY2FhLTExZTYtOGY4OC0zNDM2M2JjN2M0YzAiOnsiY3JlYXRlIjoxODAwMDAwMDAwMDAwLCJkZWxldGUiOjE4MDAwMDAwMDAwMDAsInJlYWQiOjMwMDAwMDAwMDAwMCwidXBkYXRlIjoxODAwMDAwMDAwMDAwfX0=",
          "dependencies": [
            "module.pips.azurerm_public_ip.pip",
            "module.rg.azurerm_resource_group.name",
            "module.vnetsubnets.azurerm_virtual_network.vnetsubnet",
            "module.vpn_gateway.azurerm_local_network_gateway.onpremise",
            "module.vpn_gateway.azurerm_virtual_network_gateway.vpn_gw",
            "module.vpn_gateway.data.azurerm_public_ip.pip",
            "module.vpn_gateway.data.azurerm_subnet.subnet"
          ]
        }
      ]
    },
    {
      "module": "module.workspace",
      "mode": "managed",
      "type": "azurerm_log_analytics_workspace",
      "name": "example",
      "provider": "provider[\"registry.terraform.io/hashicorp/azurerm\"]",
      "instances": [
        {
          "index_key": "workspace1",
          "schema_version": 3,
          "attributes": {
            "allow_resource_only_permissions": true,
            "cmk_for_query_forced": false,
            "daily_quota_gb": -1,
            "data_collection_rule_id": "",
            "id": "/subscriptions/3be29ba2-b31c-4fbd-a7bb-c51bf50ef740/resourceGroups/hub-rg/providers/Microsoft.OperationalInsights/workspaces/genomic-log-analytics",
            "identity": [],
            "immediate_data_purge_on_30_days_enabled": false,
            "internet_ingestion_enabled": true,
            "internet_query_enabled": true,
            "local_authentication_disabled": false,
            "location": "centralindia",
            "name": "genomic-log-analytics",
            "primary_shared_key": "1PlTczew0yTZoUQke0Q/dQbhTlgTJdKH7Epf6CSnbkN/oWo9JQSYgtRxbUKusd6LW96M6T1AL74cgjvEs4EPsQ==",
            "reservation_capacity_in_gb_per_day": null,
            "resource_group_name": "hub-rg",
            "retention_in_days": 30,
            "secondary_shared_key": "v78IJqb3RvFv7vcPBCUwBUPedvLO75QiY/I0wmkaHntnTWiuvi2MTGzOORWAqf4zFeCaF/Gl+cKkt6KFdUD0Zw==",
            "sku": "PerGB2018",
            "tags": {},
            "timeouts": null,
            "workspace_id": "ca06878c-a925-434f-b929-191334b00bd4"
          },
          "sensitive_attributes": [
            [
              {
                "type": "get_attr",
                "value": "primary_shared_key"
              }
            ],
            [
              {
                "type": "get_attr",
                "value": "secondary_shared_key"
              }
            ]
          ],
          "identity_schema_version": 0,
          "private": "eyJlMmJmYjczMC1lY2FhLTExZTYtOGY4OC0zNDM2M2JjN2M0YzAiOnsiY3JlYXRlIjoxODAwMDAwMDAwMDAwLCJkZWxldGUiOjE4MDAwMDAwMDAwMDAsInJlYWQiOjMwMDAwMDAwMDAwMCwidXBkYXRlIjoxODAwMDAwMDAwMDAwfSwic2NoZW1hX3ZlcnNpb24iOiIzIn0=",
          "dependencies": [
            "module.rg.azurerm_resource_group.name"
          ]
        }
      ]
    }
  ],
  "check_results": null
}
